// !$*UTF8*$!
{
	archiveVersion = 1;
	classes = {
	};
	objectVersion = 46;
	objects = {

/* Begin PBXBuildFile section */
		1D3623260D0F684500981E51 /* snsrlogAppDelegate.m in Sources */ = {isa = PBXBuildFile; fileRef = 1D3623250D0F684500981E51 /* snsrlogAppDelegate.m */; };
		1D60589B0D05DD56006BFB54 /* main.m in Sources */ = {isa = PBXBuildFile; fileRef = 29B97316FDCFA39411CA2CEA /* main.m */; };
		1D60589F0D05DD5A006BFB54 /* Foundation.framework in Frameworks */ = {isa = PBXBuildFile; fileRef = 1D30AB110D05D00D00671497 /* Foundation.framework */; };
		1DF5F4E00D08C38300B7A737 /* UIKit.framework in Frameworks */ = {isa = PBXBuildFile; fileRef = 1DF5F4DF0D08C38300B7A737 /* UIKit.framework */; };
		288765FD0DF74451002DB57D /* CoreGraphics.framework in Frameworks */ = {isa = PBXBuildFile; fileRef = 288765FC0DF74451002DB57D /* CoreGraphics.framework */; };
		28AD733F0D9D9553002E5188 /* MainWindow.xib in Resources */ = {isa = PBXBuildFile; fileRef = 28AD733E0D9D9553002E5188 /* MainWindow.xib */; };
		B50248BD1323D321000EE4B8 /* ConsoleLogger.m in Sources */ = {isa = PBXBuildFile; fileRef = B50248BC1323D321000EE4B8 /* ConsoleLogger.m */; };
		B50248C61323E310000EE4B8 /* AbstractSensor.m in Sources */ = {isa = PBXBuildFile; fileRef = B50248C51323E310000EE4B8 /* AbstractSensor.m */; };
		B50CF6F01338D8FF003F6725 /* WiFiScanner.m in Sources */ = {isa = PBXBuildFile; fileRef = B50CF6EF1338D8FF003F6725 /* WiFiScanner.m */; };
		B51ED857138156F800BB0684 /* GPSView.m in Sources */ = {isa = PBXBuildFile; fileRef = B51ED856138156F800BB0684 /* GPSView.m */; };
		B52FD0F6149111C800B31EB1 /* MainWindow.xib in Resources */ = {isa = PBXBuildFile; fileRef = 28AD733E0D9D9553002E5188 /* MainWindow.xib */; };
		B52FD110149111C800B31EB1 /* RecordingViewController.xib in Resources */ = {isa = PBXBuildFile; fileRef = B5D6E8D9138BE614002AABC6 /* RecordingViewController.xib */; };
		B52FD114149111C800B31EB1 /* LockScreenViewController.xib in Resources */ = {isa = PBXBuildFile; fileRef = B5B5F5BA13938CCE0053FD23 /* LockScreenViewController.xib */; };
		B52FD11C149111C800B31EB1 /* RecordingsFileViewController.xib in Resources */ = {isa = PBXBuildFile; fileRef = B5B45DB613BA078B0062CE4C /* RecordingsFileViewController.xib */; };
		B52FD11D149111C800B31EB1 /* StreamingMainViewController.xib in Resources */ = {isa = PBXBuildFile; fileRef = B5B8E09A13BF2D2E006C44AB /* StreamingMainViewController.xib */; };
		B52FD12C149111C800B31EB1 /* main.m in Sources */ = {isa = PBXBuildFile; fileRef = 29B97316FDCFA39411CA2CEA /* main.m */; };
		B52FD12D149111C800B31EB1 /* snsrlogAppDelegate.m in Sources */ = {isa = PBXBuildFile; fileRef = 1D3623250D0F684500981E51 /* snsrlogAppDelegate.m */; };
		B52FD12E149111C800B31EB1 /* ConsoleLogger.m in Sources */ = {isa = PBXBuildFile; fileRef = B50248BC1323D321000EE4B8 /* ConsoleLogger.m */; };
		B52FD12F149111C800B31EB1 /* AbstractSensor.m in Sources */ = {isa = PBXBuildFile; fileRef = B50248C51323E310000EE4B8 /* AbstractSensor.m */; };
		B52FD130149111C800B31EB1 /* Accelerometer.m in Sources */ = {isa = PBXBuildFile; fileRef = B5B82C4B132508B5005D432D /* Accelerometer.m */; };
		B52FD131149111C800B31EB1 /* Preferences.m in Sources */ = {isa = PBXBuildFile; fileRef = B5D1712E1329044500A8EF72 /* Preferences.m */; };
		B52FD132149111C800B31EB1 /* Gyroscope.m in Sources */ = {isa = PBXBuildFile; fileRef = B5E62B3C132A4FD300AA6020 /* Gyroscope.m */; };
		B52FD133149111C800B31EB1 /* FileWriter.m in Sources */ = {isa = PBXBuildFile; fileRef = B5CB7D7E132E6055005BFDC3 /* FileWriter.m */; };
		B52FD134149111C800B31EB1 /* Labels.m in Sources */ = {isa = PBXBuildFile; fileRef = B5CB7D81132FB986005BFDC3 /* Labels.m */; };
		B52FD135149111C800B31EB1 /* CompassAndGPS.m in Sources */ = {isa = PBXBuildFile; fileRef = B5E3890D133263CE00F33643 /* CompassAndGPS.m */; };
		B52FD137149111C800B31EB1 /* AudioInput.m in Sources */ = {isa = PBXBuildFile; fileRef = B5EE528E1351A0F600EB6809 /* AudioInput.m */; };
		B52FD138149111C800B31EB1 /* PacketEncoderDecoder.m in Sources */ = {isa = PBXBuildFile; fileRef = B54E8AD81365B28D0010467E /* PacketEncoderDecoder.m */; };
		B52FD139149111C800B31EB1 /* StreamingClient.m in Sources */ = {isa = PBXBuildFile; fileRef = B54E8ADA1365B28D0010467E /* StreamingClient.m */; };
		B52FD13A149111C800B31EB1 /* StreamingServer.m in Sources */ = {isa = PBXBuildFile; fileRef = B54E8ADC1365B28D0010467E /* StreamingServer.m */; };
		B52FD13B149111C800B31EB1 /* LiveViewController.m in Sources */ = {isa = PBXBuildFile; fileRef = B56133F3137C2AE300E40DE6 /* LiveViewController.m */; };
		B52FD13D149111C800B31EB1 /* LiveView.m in Sources */ = {isa = PBXBuildFile; fileRef = B5699503138115C5001A5544 /* LiveView.m */; };
		B52FD13E149111C800B31EB1 /* CompassView.m in Sources */ = {isa = PBXBuildFile; fileRef = B569950E138118E2001A5544 /* CompassView.m */; };
		B52FD13F149111C800B31EB1 /* GPSView.m in Sources */ = {isa = PBXBuildFile; fileRef = B51ED856138156F800BB0684 /* GPSView.m */; };
		B52FD140149111C800B31EB1 /* AudioLevelMeter.m in Sources */ = {isa = PBXBuildFile; fileRef = B555533E138165FA00BAAC0A /* AudioLevelMeter.m */; };
		B52FD141149111C800B31EB1 /* WiFiView.m in Sources */ = {isa = PBXBuildFile; fileRef = B5525D131386B78A00EB93DB /* WiFiView.m */; };
		B52FD142149111C800B31EB1 /* RecordingViewController.m in Sources */ = {isa = PBXBuildFile; fileRef = B5D6E8D8138BE614002AABC6 /* RecordingViewController.m */; };
		B52FD144149111C800B31EB1 /* LockScreenViewController.m in Sources */ = {isa = PBXBuildFile; fileRef = B5B5F5B913938CCE0053FD23 /* LockScreenViewController.m */; };
		B52FD145149111C800B31EB1 /* ArchiveViewController.m in Sources */ = {isa = PBXBuildFile; fileRef = B542DC5C13B3728B0057FF5E /* ArchiveViewController.m */; };
		B52FD146149111C800B31EB1 /* RecordingsDetailViewController.m in Sources */ = {isa = PBXBuildFile; fileRef = B5B45DB213B8CF400062CE4C /* RecordingsDetailViewController.m */; };
		B52FD147149111C800B31EB1 /* RecordingsFileViewController.m in Sources */ = {isa = PBXBuildFile; fileRef = B5B45DB513BA078B0062CE4C /* RecordingsFileViewController.m */; };
		B52FD148149111C800B31EB1 /* StreamingMainViewController.m in Sources */ = {isa = PBXBuildFile; fileRef = B5B8E09913BF2D2E006C44AB /* StreamingMainViewController.m */; };
		B52FD149149111C800B31EB1 /* StreamingLiveViewController.m in Sources */ = {isa = PBXBuildFile; fileRef = B57A6A9613C495A4008BB675 /* StreamingLiveViewController.m */; };
		B52FD14A149111C800B31EB1 /* StreamingLiveFlipsideViewController.m in Sources */ = {isa = PBXBuildFile; fileRef = B575638713D081AF0012D1B4 /* StreamingLiveFlipsideViewController.m */; };
		B52FD14B149111C800B31EB1 /* AccelerometerAndGyroscopeView.m in Sources */ = {isa = PBXBuildFile; fileRef = B554581013DF4A2500EE8C7E /* AccelerometerAndGyroscopeView.m */; };
		B52FD14C149111C800B31EB1 /* MBProgressHUD.m in Sources */ = {isa = PBXBuildFile; fileRef = B5D63688147FC8460009FF3D /* MBProgressHUD.m */; };
		B52FD14D149111C800B31EB1 /* BTFancyButton.m in Sources */ = {isa = PBXBuildFile; fileRef = B5792BEB148E93D7008FC8F1 /* BTFancyButton.m */; };
		B52FD14F149111C800B31EB1 /* MapKit.framework in Frameworks */ = {isa = PBXBuildFile; fileRef = B586069413DD8E8F00CACEA1 /* MapKit.framework */; };
		B52FD150149111C800B31EB1 /* MediaPlayer.framework in Frameworks */ = {isa = PBXBuildFile; fileRef = B563BB0213BBEC8E00D2B5CD /* MediaPlayer.framework */; settings = {ATTRIBUTES = (Required, ); }; };
		B52FD151149111C800B31EB1 /* QuartzCore.framework in Frameworks */ = {isa = PBXBuildFile; fileRef = B5613421137C92F300E40DE6 /* QuartzCore.framework */; };
		B52FD152149111C800B31EB1 /* GameKit.framework in Frameworks */ = {isa = PBXBuildFile; fileRef = B54E8AE01365B74C0010467E /* GameKit.framework */; };
		B52FD153149111C800B31EB1 /* AVFoundation.framework in Frameworks */ = {isa = PBXBuildFile; fileRef = B53551FA135B257800D2CACF /* AVFoundation.framework */; };
		B52FD154149111C800B31EB1 /* AudioToolbox.framework in Frameworks */ = {isa = PBXBuildFile; fileRef = B5EE52901351B14F00EB6809 /* AudioToolbox.framework */; };
		B52FD155149111C800B31EB1 /* CoreLocation.framework in Frameworks */ = {isa = PBXBuildFile; fileRef = B5E3890F1332660400F33643 /* CoreLocation.framework */; };
		B52FD156149111C800B31EB1 /* Foundation.framework in Frameworks */ = {isa = PBXBuildFile; fileRef = 1D30AB110D05D00D00671497 /* Foundation.framework */; };
		B52FD157149111C800B31EB1 /* UIKit.framework in Frameworks */ = {isa = PBXBuildFile; fileRef = 1DF5F4DF0D08C38300B7A737 /* UIKit.framework */; };
		B52FD158149111C800B31EB1 /* CoreGraphics.framework in Frameworks */ = {isa = PBXBuildFile; fileRef = 288765FC0DF74451002DB57D /* CoreGraphics.framework */; };
		B52FD159149111C800B31EB1 /* CoreMotion.framework in Frameworks */ = {isa = PBXBuildFile; fileRef = B5B82C7313251271005D432D /* CoreMotion.framework */; };
		B53551FB135B257800D2CACF /* AVFoundation.framework in Frameworks */ = {isa = PBXBuildFile; fileRef = B53551FA135B257800D2CACF /* AVFoundation.framework */; };
		B542DC5E13B3728B0057FF5E /* ArchiveViewController.m in Sources */ = {isa = PBXBuildFile; fileRef = B542DC5C13B3728B0057FF5E /* ArchiveViewController.m */; };
		B54E8ADD1365B28D0010467E /* PacketEncoderDecoder.m in Sources */ = {isa = PBXBuildFile; fileRef = B54E8AD81365B28D0010467E /* PacketEncoderDecoder.m */; };
		B54E8ADE1365B28D0010467E /* StreamingClient.m in Sources */ = {isa = PBXBuildFile; fileRef = B54E8ADA1365B28D0010467E /* StreamingClient.m */; };
		B54E8ADF1365B28D0010467E /* StreamingServer.m in Sources */ = {isa = PBXBuildFile; fileRef = B54E8ADC1365B28D0010467E /* StreamingServer.m */; };
		B54E8AE11365B74C0010467E /* GameKit.framework in Frameworks */ = {isa = PBXBuildFile; fileRef = B54E8AE01365B74C0010467E /* GameKit.framework */; };
		B5525D141386B78B00EB93DB /* WiFiView.m in Sources */ = {isa = PBXBuildFile; fileRef = B5525D131386B78A00EB93DB /* WiFiView.m */; };
		B554581113DF4A2500EE8C7E /* AccelerometerAndGyroscopeView.m in Sources */ = {isa = PBXBuildFile; fileRef = B554581013DF4A2500EE8C7E /* AccelerometerAndGyroscopeView.m */; };
		B555533F138165FA00BAAC0A /* AudioLevelMeter.m in Sources */ = {isa = PBXBuildFile; fileRef = B555533E138165FA00BAAC0A /* AudioLevelMeter.m */; };
		B56133F4137C2AE300E40DE6 /* LiveViewController.m in Sources */ = {isa = PBXBuildFile; fileRef = B56133F3137C2AE300E40DE6 /* LiveViewController.m */; };
		B5613422137C92F300E40DE6 /* QuartzCore.framework in Frameworks */ = {isa = PBXBuildFile; fileRef = B5613421137C92F300E40DE6 /* QuartzCore.framework */; };
		B563BB0313BBEC8E00D2B5CD /* MediaPlayer.framework in Frameworks */ = {isa = PBXBuildFile; fileRef = B563BB0213BBEC8E00D2B5CD /* MediaPlayer.framework */; settings = {ATTRIBUTES = (Required, ); }; };
		B5699504138115C5001A5544 /* LiveView.m in Sources */ = {isa = PBXBuildFile; fileRef = B5699503138115C5001A5544 /* LiveView.m */; };
		B569950F138118E2001A5544 /* CompassView.m in Sources */ = {isa = PBXBuildFile; fileRef = B569950E138118E2001A5544 /* CompassView.m */; };
		B56C3F0615B0267D00E7EB3F /* SoundLevel_0.png in Resources */ = {isa = PBXBuildFile; fileRef = B56C3EF115B0267D00E7EB3F /* SoundLevel_0.png */; };
		B56C3F0715B0267D00E7EB3F /* SoundLevel_0.png in Resources */ = {isa = PBXBuildFile; fileRef = B56C3EF115B0267D00E7EB3F /* SoundLevel_0.png */; };
		B56C3F0815B0267D00E7EB3F /* SoundLevel_1.png in Resources */ = {isa = PBXBuildFile; fileRef = B56C3EF215B0267D00E7EB3F /* SoundLevel_1.png */; };
		B56C3F0915B0267D00E7EB3F /* SoundLevel_1.png in Resources */ = {isa = PBXBuildFile; fileRef = B56C3EF215B0267D00E7EB3F /* SoundLevel_1.png */; };
		B56C3F0A15B0267D00E7EB3F /* SoundLevel_2.png in Resources */ = {isa = PBXBuildFile; fileRef = B56C3EF315B0267D00E7EB3F /* SoundLevel_2.png */; };
		B56C3F0B15B0267D00E7EB3F /* SoundLevel_2.png in Resources */ = {isa = PBXBuildFile; fileRef = B56C3EF315B0267D00E7EB3F /* SoundLevel_2.png */; };
		B56C3F0C15B0267D00E7EB3F /* SoundLevel_3.png in Resources */ = {isa = PBXBuildFile; fileRef = B56C3EF415B0267D00E7EB3F /* SoundLevel_3.png */; };
		B56C3F0D15B0267D00E7EB3F /* SoundLevel_3.png in Resources */ = {isa = PBXBuildFile; fileRef = B56C3EF415B0267D00E7EB3F /* SoundLevel_3.png */; };
		B56C3F0E15B0267D00E7EB3F /* SoundLevel_4.png in Resources */ = {isa = PBXBuildFile; fileRef = B56C3EF515B0267D00E7EB3F /* SoundLevel_4.png */; };
		B56C3F0F15B0267D00E7EB3F /* SoundLevel_4.png in Resources */ = {isa = PBXBuildFile; fileRef = B56C3EF515B0267D00E7EB3F /* SoundLevel_4.png */; };
		B56C3F1015B0267D00E7EB3F /* SoundLevel_5.png in Resources */ = {isa = PBXBuildFile; fileRef = B56C3EF615B0267D00E7EB3F /* SoundLevel_5.png */; };
		B56C3F1115B0267D00E7EB3F /* SoundLevel_5.png in Resources */ = {isa = PBXBuildFile; fileRef = B56C3EF615B0267D00E7EB3F /* SoundLevel_5.png */; };
		B56C3F1215B0267D00E7EB3F /* SoundLevel_6.png in Resources */ = {isa = PBXBuildFile; fileRef = B56C3EF715B0267D00E7EB3F /* SoundLevel_6.png */; };
		B56C3F1315B0267D00E7EB3F /* SoundLevel_6.png in Resources */ = {isa = PBXBuildFile; fileRef = B56C3EF715B0267D00E7EB3F /* SoundLevel_6.png */; };
		B56C3F1415B0267D00E7EB3F /* SoundLevel_7.png in Resources */ = {isa = PBXBuildFile; fileRef = B56C3EF815B0267D00E7EB3F /* SoundLevel_7.png */; };
		B56C3F1515B0267D00E7EB3F /* SoundLevel_7.png in Resources */ = {isa = PBXBuildFile; fileRef = B56C3EF815B0267D00E7EB3F /* SoundLevel_7.png */; };
		B56C3F1615B0267D00E7EB3F /* SoundLevel_8.png in Resources */ = {isa = PBXBuildFile; fileRef = B56C3EF915B0267D00E7EB3F /* SoundLevel_8.png */; };
		B56C3F1715B0267D00E7EB3F /* SoundLevel_8.png in Resources */ = {isa = PBXBuildFile; fileRef = B56C3EF915B0267D00E7EB3F /* SoundLevel_8.png */; };
		B56C3F1815B0267D00E7EB3F /* SoundLevel_9.png in Resources */ = {isa = PBXBuildFile; fileRef = B56C3EFA15B0267D00E7EB3F /* SoundLevel_9.png */; };
		B56C3F1915B0267D00E7EB3F /* SoundLevel_9.png in Resources */ = {isa = PBXBuildFile; fileRef = B56C3EFA15B0267D00E7EB3F /* SoundLevel_9.png */; };
		B56C3F1A15B0267D00E7EB3F /* SoundLevel_10.png in Resources */ = {isa = PBXBuildFile; fileRef = B56C3EFB15B0267D00E7EB3F /* SoundLevel_10.png */; };
		B56C3F1B15B0267D00E7EB3F /* SoundLevel_10.png in Resources */ = {isa = PBXBuildFile; fileRef = B56C3EFB15B0267D00E7EB3F /* SoundLevel_10.png */; };
		B56C3F1C15B0267D00E7EB3F /* SoundLevel_11.png in Resources */ = {isa = PBXBuildFile; fileRef = B56C3EFC15B0267D00E7EB3F /* SoundLevel_11.png */; };
		B56C3F1D15B0267D00E7EB3F /* SoundLevel_11.png in Resources */ = {isa = PBXBuildFile; fileRef = B56C3EFC15B0267D00E7EB3F /* SoundLevel_11.png */; };
		B56C3F1E15B0267D00E7EB3F /* SoundLevel_12.png in Resources */ = {isa = PBXBuildFile; fileRef = B56C3EFD15B0267D00E7EB3F /* SoundLevel_12.png */; };
		B56C3F1F15B0267D00E7EB3F /* SoundLevel_12.png in Resources */ = {isa = PBXBuildFile; fileRef = B56C3EFD15B0267D00E7EB3F /* SoundLevel_12.png */; };
		B56C3F2015B0267D00E7EB3F /* SoundLevel_13.png in Resources */ = {isa = PBXBuildFile; fileRef = B56C3EFE15B0267D00E7EB3F /* SoundLevel_13.png */; };
		B56C3F2115B0267D00E7EB3F /* SoundLevel_13.png in Resources */ = {isa = PBXBuildFile; fileRef = B56C3EFE15B0267D00E7EB3F /* SoundLevel_13.png */; };
		B56C3F2215B0267D00E7EB3F /* SoundLevel_14.png in Resources */ = {isa = PBXBuildFile; fileRef = B56C3EFF15B0267D00E7EB3F /* SoundLevel_14.png */; };
		B56C3F2315B0267D00E7EB3F /* SoundLevel_14.png in Resources */ = {isa = PBXBuildFile; fileRef = B56C3EFF15B0267D00E7EB3F /* SoundLevel_14.png */; };
		B56C3F2415B0267D00E7EB3F /* SoundLevel_15.png in Resources */ = {isa = PBXBuildFile; fileRef = B56C3F0015B0267D00E7EB3F /* SoundLevel_15.png */; };
		B56C3F2515B0267D00E7EB3F /* SoundLevel_15.png in Resources */ = {isa = PBXBuildFile; fileRef = B56C3F0015B0267D00E7EB3F /* SoundLevel_15.png */; };
		B56C3F2615B0267D00E7EB3F /* SoundLevel_16.png in Resources */ = {isa = PBXBuildFile; fileRef = B56C3F0115B0267D00E7EB3F /* SoundLevel_16.png */; };
		B56C3F2715B0267D00E7EB3F /* SoundLevel_16.png in Resources */ = {isa = PBXBuildFile; fileRef = B56C3F0115B0267D00E7EB3F /* SoundLevel_16.png */; };
		B56C3F2815B0267D00E7EB3F /* SoundLevel_17.png in Resources */ = {isa = PBXBuildFile; fileRef = B56C3F0215B0267D00E7EB3F /* SoundLevel_17.png */; };
		B56C3F2915B0267D00E7EB3F /* SoundLevel_17.png in Resources */ = {isa = PBXBuildFile; fileRef = B56C3F0215B0267D00E7EB3F /* SoundLevel_17.png */; };
		B56C3F2A15B0267D00E7EB3F /* SoundLevel_18.png in Resources */ = {isa = PBXBuildFile; fileRef = B56C3F0315B0267D00E7EB3F /* SoundLevel_18.png */; };
		B56C3F2B15B0267D00E7EB3F /* SoundLevel_18.png in Resources */ = {isa = PBXBuildFile; fileRef = B56C3F0315B0267D00E7EB3F /* SoundLevel_18.png */; };
		B56C3F2C15B0267D00E7EB3F /* SoundLevel_19.png in Resources */ = {isa = PBXBuildFile; fileRef = B56C3F0415B0267D00E7EB3F /* SoundLevel_19.png */; };
		B56C3F2D15B0267D00E7EB3F /* SoundLevel_19.png in Resources */ = {isa = PBXBuildFile; fileRef = B56C3F0415B0267D00E7EB3F /* SoundLevel_19.png */; };
		B56C3F2E15B0267D00E7EB3F /* SoundLevel_20.png in Resources */ = {isa = PBXBuildFile; fileRef = B56C3F0515B0267D00E7EB3F /* SoundLevel_20.png */; };
		B56C3F2F15B0267D00E7EB3F /* SoundLevel_20.png in Resources */ = {isa = PBXBuildFile; fileRef = B56C3F0515B0267D00E7EB3F /* SoundLevel_20.png */; };
		B56C3F3715B026AE00E7EB3F /* Default.png in Resources */ = {isa = PBXBuildFile; fileRef = B56C3F3015B026AE00E7EB3F /* Default.png */; };
		B56C3F3815B026AE00E7EB3F /* Default.png in Resources */ = {isa = PBXBuildFile; fileRef = B56C3F3015B026AE00E7EB3F /* Default.png */; };
		B56C3F3915B026AE00E7EB3F /* Default@2x.png in Resources */ = {isa = PBXBuildFile; fileRef = B56C3F3115B026AE00E7EB3F /* Default@2x.png */; };
		B56C3F3A15B026AE00E7EB3F /* Default@2x.png in Resources */ = {isa = PBXBuildFile; fileRef = B56C3F3115B026AE00E7EB3F /* Default@2x.png */; };
		B56C3F3B15B026AE00E7EB3F /* Icon-Small.png in Resources */ = {isa = PBXBuildFile; fileRef = B56C3F3215B026AE00E7EB3F /* Icon-Small.png */; };
		B56C3F3C15B026AE00E7EB3F /* Icon-Small.png in Resources */ = {isa = PBXBuildFile; fileRef = B56C3F3215B026AE00E7EB3F /* Icon-Small.png */; };
		B56C3F3D15B026AE00E7EB3F /* Icon-Small@2x.png in Resources */ = {isa = PBXBuildFile; fileRef = B56C3F3315B026AE00E7EB3F /* Icon-Small@2x.png */; };
		B56C3F3E15B026AE00E7EB3F /* Icon-Small@2x.png in Resources */ = {isa = PBXBuildFile; fileRef = B56C3F3315B026AE00E7EB3F /* Icon-Small@2x.png */; };
		B56C3F3F15B026AE00E7EB3F /* Icon.png in Resources */ = {isa = PBXBuildFile; fileRef = B56C3F3415B026AE00E7EB3F /* Icon.png */; };
		B56C3F4015B026AE00E7EB3F /* Icon.png in Resources */ = {isa = PBXBuildFile; fileRef = B56C3F3415B026AE00E7EB3F /* Icon.png */; };
		B56C3F4115B026AE00E7EB3F /* Icon@2x.png in Resources */ = {isa = PBXBuildFile; fileRef = B56C3F3515B026AE00E7EB3F /* Icon@2x.png */; };
		B56C3F4215B026AE00E7EB3F /* Icon@2x.png in Resources */ = {isa = PBXBuildFile; fileRef = B56C3F3515B026AE00E7EB3F /* Icon@2x.png */; };
		B56C3F4315B026AE00E7EB3F /* iTunesArtwork.png in Resources */ = {isa = PBXBuildFile; fileRef = B56C3F3615B026AE00E7EB3F /* iTunesArtwork.png */; };
		B56C3F4415B026AE00E7EB3F /* iTunesArtwork.png in Resources */ = {isa = PBXBuildFile; fileRef = B56C3F3615B026AE00E7EB3F /* iTunesArtwork.png */; };
		B56C3F5715B0270A00E7EB3F /* compassWithoutNeedle.png in Resources */ = {isa = PBXBuildFile; fileRef = B56C3F4515B0270A00E7EB3F /* compassWithoutNeedle.png */; };
		B56C3F5815B0270A00E7EB3F /* compassWithoutNeedle.png in Resources */ = {isa = PBXBuildFile; fileRef = B56C3F4515B0270A00E7EB3F /* compassWithoutNeedle.png */; };
		B56C3F5915B0270A00E7EB3F /* key.png in Resources */ = {isa = PBXBuildFile; fileRef = B56C3F4615B0270A00E7EB3F /* key.png */; };
		B56C3F5A15B0270A00E7EB3F /* key.png in Resources */ = {isa = PBXBuildFile; fileRef = B56C3F4615B0270A00E7EB3F /* key.png */; };
		B56C3F5B15B0270A00E7EB3F /* key@2x.png in Resources */ = {isa = PBXBuildFile; fileRef = B56C3F4715B0270A00E7EB3F /* key@2x.png */; };
		B56C3F5C15B0270A00E7EB3F /* key@2x.png in Resources */ = {isa = PBXBuildFile; fileRef = B56C3F4715B0270A00E7EB3F /* key@2x.png */; };
		B56C3F5D15B0270A00E7EB3F /* liveViewIcon.png in Resources */ = {isa = PBXBuildFile; fileRef = B56C3F4815B0270A00E7EB3F /* liveViewIcon.png */; };
		B56C3F5E15B0270A00E7EB3F /* liveViewIcon.png in Resources */ = {isa = PBXBuildFile; fileRef = B56C3F4815B0270A00E7EB3F /* liveViewIcon.png */; };
		B56C3F5F15B0270A00E7EB3F /* liveViewIcon@2x.png in Resources */ = {isa = PBXBuildFile; fileRef = B56C3F4915B0270A00E7EB3F /* liveViewIcon@2x.png */; };
		B56C3F6015B0270A00E7EB3F /* liveViewIcon@2x.png in Resources */ = {isa = PBXBuildFile; fileRef = B56C3F4915B0270A00E7EB3F /* liveViewIcon@2x.png */; };
		B56C3F6115B0270A00E7EB3F /* LockClosed.png in Resources */ = {isa = PBXBuildFile; fileRef = B56C3F4A15B0270A00E7EB3F /* LockClosed.png */; };
		B56C3F6215B0270A00E7EB3F /* LockClosed.png in Resources */ = {isa = PBXBuildFile; fileRef = B56C3F4A15B0270A00E7EB3F /* LockClosed.png */; };
		B56C3F6315B0270A00E7EB3F /* LockClosed@2x.png in Resources */ = {isa = PBXBuildFile; fileRef = B56C3F4B15B0270A00E7EB3F /* LockClosed@2x.png */; };
		B56C3F6415B0270A00E7EB3F /* LockClosed@2x.png in Resources */ = {isa = PBXBuildFile; fileRef = B56C3F4B15B0270A00E7EB3F /* LockClosed@2x.png */; };
		B56C3F6515B0270A00E7EB3F /* LockOpen.png in Resources */ = {isa = PBXBuildFile; fileRef = B56C3F4C15B0270A00E7EB3F /* LockOpen.png */; };
		B56C3F6615B0270A00E7EB3F /* LockOpen.png in Resources */ = {isa = PBXBuildFile; fileRef = B56C3F4C15B0270A00E7EB3F /* LockOpen.png */; };
		B56C3F6715B0270A00E7EB3F /* LockOpen@2x.png in Resources */ = {isa = PBXBuildFile; fileRef = B56C3F4D15B0270A00E7EB3F /* LockOpen@2x.png */; };
		B56C3F6815B0270A00E7EB3F /* LockOpen@2x.png in Resources */ = {isa = PBXBuildFile; fileRef = B56C3F4D15B0270A00E7EB3F /* LockOpen@2x.png */; };
		B56C3F6915B0270A00E7EB3F /* microphone.png in Resources */ = {isa = PBXBuildFile; fileRef = B56C3F4E15B0270A00E7EB3F /* microphone.png */; };
		B56C3F6A15B0270A00E7EB3F /* microphone.png in Resources */ = {isa = PBXBuildFile; fileRef = B56C3F4E15B0270A00E7EB3F /* microphone.png */; };
		B56C3F6B15B0270A00E7EB3F /* microphone@2x.png in Resources */ = {isa = PBXBuildFile; fileRef = B56C3F4F15B0270A00E7EB3F /* microphone@2x.png */; };
		B56C3F6C15B0270A00E7EB3F /* microphone@2x.png in Resources */ = {isa = PBXBuildFile; fileRef = B56C3F4F15B0270A00E7EB3F /* microphone@2x.png */; };
		B56C3F6D15B0270A00E7EB3F /* recordingIcon.png in Resources */ = {isa = PBXBuildFile; fileRef = B56C3F5015B0270A00E7EB3F /* recordingIcon.png */; };
		B56C3F6E15B0270A00E7EB3F /* recordingIcon.png in Resources */ = {isa = PBXBuildFile; fileRef = B56C3F5015B0270A00E7EB3F /* recordingIcon.png */; };
		B56C3F6F15B0270A00E7EB3F /* recordingIcon@2x.png in Resources */ = {isa = PBXBuildFile; fileRef = B56C3F5115B0270A00E7EB3F /* recordingIcon@2x.png */; };
		B56C3F7015B0270A00E7EB3F /* recordingIcon@2x.png in Resources */ = {isa = PBXBuildFile; fileRef = B56C3F5115B0270A00E7EB3F /* recordingIcon@2x.png */; };
		B56C3F7115B0270A00E7EB3F /* satellite.png in Resources */ = {isa = PBXBuildFile; fileRef = B56C3F5215B0270A00E7EB3F /* satellite.png */; };
		B56C3F7215B0270A00E7EB3F /* satellite.png in Resources */ = {isa = PBXBuildFile; fileRef = B56C3F5215B0270A00E7EB3F /* satellite.png */; };
		B56C3F7315B0270A00E7EB3F /* satellite@2x.png in Resources */ = {isa = PBXBuildFile; fileRef = B56C3F5315B0270A00E7EB3F /* satellite@2x.png */; };
		B56C3F7415B0270A00E7EB3F /* satellite@2x.png in Resources */ = {isa = PBXBuildFile; fileRef = B56C3F5315B0270A00E7EB3F /* satellite@2x.png */; };
		B56C3F7515B0270A00E7EB3F /* streamingIcon.png in Resources */ = {isa = PBXBuildFile; fileRef = B56C3F5415B0270A00E7EB3F /* streamingIcon.png */; };
		B56C3F7615B0270A00E7EB3F /* streamingIcon.png in Resources */ = {isa = PBXBuildFile; fileRef = B56C3F5415B0270A00E7EB3F /* streamingIcon.png */; };
		B56C3F7715B0270A00E7EB3F /* streamingIcon@2x.png in Resources */ = {isa = PBXBuildFile; fileRef = B56C3F5515B0270A00E7EB3F /* streamingIcon@2x.png */; };
		B56C3F7815B0270A00E7EB3F /* streamingIcon@2x.png in Resources */ = {isa = PBXBuildFile; fileRef = B56C3F5515B0270A00E7EB3F /* streamingIcon@2x.png */; };
		B56C3F7915B0270A00E7EB3F /* wifi.png in Resources */ = {isa = PBXBuildFile; fileRef = B56C3F5615B0270A00E7EB3F /* wifi.png */; };
		B56C3F7A15B0270A00E7EB3F /* wifi.png in Resources */ = {isa = PBXBuildFile; fileRef = B56C3F5615B0270A00E7EB3F /* wifi.png */; };
		B575638813D081AF0012D1B4 /* StreamingLiveFlipsideViewController.m in Sources */ = {isa = PBXBuildFile; fileRef = B575638713D081AF0012D1B4 /* StreamingLiveFlipsideViewController.m */; };
		B5792BEC148E93D7008FC8F1 /* BTFancyButton.m in Sources */ = {isa = PBXBuildFile; fileRef = B5792BEB148E93D7008FC8F1 /* BTFancyButton.m */; };
		B57A6A9713C495A4008BB675 /* StreamingLiveViewController.m in Sources */ = {isa = PBXBuildFile; fileRef = B57A6A9613C495A4008BB675 /* StreamingLiveViewController.m */; };
		B586069513DD8E8F00CACEA1 /* MapKit.framework in Frameworks */ = {isa = PBXBuildFile; fileRef = B586069413DD8E8F00CACEA1 /* MapKit.framework */; };
		B5B3846115AEFF79004D8DC6 /* AddLabelPopupViewController.m in Sources */ = {isa = PBXBuildFile; fileRef = B5B3845F15AEFF79004D8DC6 /* AddLabelPopupViewController.m */; };
		B5B3846215AEFF79004D8DC6 /* AddLabelPopupViewController.m in Sources */ = {isa = PBXBuildFile; fileRef = B5B3845F15AEFF79004D8DC6 /* AddLabelPopupViewController.m */; };
		B5B3846315AEFF79004D8DC6 /* AddLabelPopupViewController.xib in Resources */ = {isa = PBXBuildFile; fileRef = B5B3846015AEFF79004D8DC6 /* AddLabelPopupViewController.xib */; };
		B5B3846415AEFF79004D8DC6 /* AddLabelPopupViewController.xib in Resources */ = {isa = PBXBuildFile; fileRef = B5B3846015AEFF79004D8DC6 /* AddLabelPopupViewController.xib */; };
		B5B45DB313B8CF400062CE4C /* RecordingsDetailViewController.m in Sources */ = {isa = PBXBuildFile; fileRef = B5B45DB213B8CF400062CE4C /* RecordingsDetailViewController.m */; };
		B5B45DB713BA078B0062CE4C /* RecordingsFileViewController.m in Sources */ = {isa = PBXBuildFile; fileRef = B5B45DB513BA078B0062CE4C /* RecordingsFileViewController.m */; };
		B5B45DB813BA078B0062CE4C /* RecordingsFileViewController.xib in Resources */ = {isa = PBXBuildFile; fileRef = B5B45DB613BA078B0062CE4C /* RecordingsFileViewController.xib */; };
		B5B5F5BB13938CCE0053FD23 /* LockScreenViewController.m in Sources */ = {isa = PBXBuildFile; fileRef = B5B5F5B913938CCE0053FD23 /* LockScreenViewController.m */; };
		B5B5F5BC13938CCE0053FD23 /* LockScreenViewController.xib in Resources */ = {isa = PBXBuildFile; fileRef = B5B5F5BA13938CCE0053FD23 /* LockScreenViewController.xib */; };
		B5B6DF0C1A18C1FC004EE220 /* Default-568h@2x.png in Resources */ = {isa = PBXBuildFile; fileRef = B5B6DF0B1A18C1FC004EE220 /* Default-568h@2x.png */; };
		B5B82C4C132508B5005D432D /* Accelerometer.m in Sources */ = {isa = PBXBuildFile; fileRef = B5B82C4B132508B5005D432D /* Accelerometer.m */; };
		B5B82C7413251271005D432D /* CoreMotion.framework in Frameworks */ = {isa = PBXBuildFile; fileRef = B5B82C7313251271005D432D /* CoreMotion.framework */; };
		B5B8E09B13BF2D2E006C44AB /* StreamingMainViewController.m in Sources */ = {isa = PBXBuildFile; fileRef = B5B8E09913BF2D2E006C44AB /* StreamingMainViewController.m */; };
		B5B8E09C13BF2D2E006C44AB /* StreamingMainViewController.xib in Resources */ = {isa = PBXBuildFile; fileRef = B5B8E09A13BF2D2E006C44AB /* StreamingMainViewController.xib */; };
		B5C3C0C41493A269004BBC15 /* Settings.bundle in Resources */ = {isa = PBXBuildFile; fileRef = B5C3C0C21493A269004BBC15 /* Settings.bundle */; };
		B5CB7D7F132E6055005BFDC3 /* FileWriter.m in Sources */ = {isa = PBXBuildFile; fileRef = B5CB7D7E132E6055005BFDC3 /* FileWriter.m */; };
		B5CB7D82132FB987005BFDC3 /* Labels.m in Sources */ = {isa = PBXBuildFile; fileRef = B5CB7D81132FB986005BFDC3 /* Labels.m */; };
		B5CDCFD413AA47FE00B0FE35 /* Settings.bundle in Resources */ = {isa = PBXBuildFile; fileRef = B5CDCFD313AA47FE00B0FE35 /* Settings.bundle */; };
		B5D1712F1329044500A8EF72 /* Preferences.m in Sources */ = {isa = PBXBuildFile; fileRef = B5D1712E1329044500A8EF72 /* Preferences.m */; };
		B5D63689147FC8460009FF3D /* MBProgressHUD.m in Sources */ = {isa = PBXBuildFile; fileRef = B5D63688147FC8460009FF3D /* MBProgressHUD.m */; };
		B5D6E8DA138BE614002AABC6 /* RecordingViewController.m in Sources */ = {isa = PBXBuildFile; fileRef = B5D6E8D8138BE614002AABC6 /* RecordingViewController.m */; };
		B5D6E8DB138BE614002AABC6 /* RecordingViewController.xib in Resources */ = {isa = PBXBuildFile; fileRef = B5D6E8D9138BE614002AABC6 /* RecordingViewController.xib */; };
		B5E3890E133263D000F33643 /* CompassAndGPS.m in Sources */ = {isa = PBXBuildFile; fileRef = B5E3890D133263CE00F33643 /* CompassAndGPS.m */; };
		B5E389101332660500F33643 /* CoreLocation.framework in Frameworks */ = {isa = PBXBuildFile; fileRef = B5E3890F1332660400F33643 /* CoreLocation.framework */; };
		B5E62B3D132A4FD300AA6020 /* Gyroscope.m in Sources */ = {isa = PBXBuildFile; fileRef = B5E62B3C132A4FD300AA6020 /* Gyroscope.m */; };
		B5EE528F1351A0F700EB6809 /* AudioInput.m in Sources */ = {isa = PBXBuildFile; fileRef = B5EE528E1351A0F600EB6809 /* AudioInput.m */; };
		B5EE52911351B14F00EB6809 /* AudioToolbox.framework in Frameworks */ = {isa = PBXBuildFile; fileRef = B5EE52901351B14F00EB6809 /* AudioToolbox.framework */; };
		B5F180B714CEFDE9006BD93D /* GraphView.m in Sources */ = {isa = PBXBuildFile; fileRef = B5F180B614CEFDE9006BD93D /* GraphView.m */; };
		B5F180B814CEFDE9006BD93D /* GraphView.m in Sources */ = {isa = PBXBuildFile; fileRef = B5F180B614CEFDE9006BD93D /* GraphView.m */; };
/* End PBXBuildFile section */

/* Begin PBXFileReference section */
		1D30AB110D05D00D00671497 /* Foundation.framework */ = {isa = PBXFileReference; lastKnownFileType = wrapper.framework; name = Foundation.framework; path = System/Library/Frameworks/Foundation.framework; sourceTree = SDKROOT; };
		1D3623240D0F684500981E51 /* snsrlogAppDelegate.h */ = {isa = PBXFileReference; fileEncoding = 4; lastKnownFileType = sourcecode.c.h; path = snsrlogAppDelegate.h; sourceTree = "<group>"; };
		1D3623250D0F684500981E51 /* snsrlogAppDelegate.m */ = {isa = PBXFileReference; fileEncoding = 4; lastKnownFileType = sourcecode.c.objc; lineEnding = 0; path = snsrlogAppDelegate.m; sourceTree = "<group>"; xcLanguageSpecificationIdentifier = xcode.lang.objc; };
		1D6058910D05DD3D006BFB54 /* snsrlog.app */ = {isa = PBXFileReference; explicitFileType = wrapper.application; includeInIndex = 0; path = snsrlog.app; sourceTree = BUILT_PRODUCTS_DIR; };
		1DF5F4DF0D08C38300B7A737 /* UIKit.framework */ = {isa = PBXFileReference; lastKnownFileType = wrapper.framework; name = UIKit.framework; path = System/Library/Frameworks/UIKit.framework; sourceTree = SDKROOT; };
		288765FC0DF74451002DB57D /* CoreGraphics.framework */ = {isa = PBXFileReference; lastKnownFileType = wrapper.framework; name = CoreGraphics.framework; path = System/Library/Frameworks/CoreGraphics.framework; sourceTree = SDKROOT; };
		28AD733E0D9D9553002E5188 /* MainWindow.xib */ = {isa = PBXFileReference; lastKnownFileType = file.xib; path = MainWindow.xib; sourceTree = "<group>"; };
		29B97316FDCFA39411CA2CEA /* main.m */ = {isa = PBXFileReference; fileEncoding = 4; lastKnownFileType = sourcecode.c.objc; path = main.m; sourceTree = "<group>"; };
		32CA4F630368D1EE00C91783 /* snsrlog_Prefix.pch */ = {isa = PBXFileReference; fileEncoding = 4; lastKnownFileType = sourcecode.c.h; path = snsrlog_Prefix.pch; sourceTree = "<group>"; };
		8D1107310486CEB800E47090 /* snsrlog-Info.plist */ = {isa = PBXFileReference; fileEncoding = 4; lastKnownFileType = text.plist.xml; path = "snsrlog-Info.plist"; plistStructureDefinitionIdentifier = "com.apple.xcode.plist.structure-definition.iphone.info-plist"; sourceTree = "<group>"; };
		B502489D1323CDCE000EE4B8 /* Listener.h */ = {isa = PBXFileReference; fileEncoding = 4; lastKnownFileType = sourcecode.c.h; lineEnding = 0; path = Listener.h; sourceTree = "<group>"; xcLanguageSpecificationIdentifier = xcode.lang.objcpp; };
		B50248BB1323D321000EE4B8 /* ConsoleLogger.h */ = {isa = PBXFileReference; fileEncoding = 4; lastKnownFileType = sourcecode.c.h; path = ConsoleLogger.h; sourceTree = "<group>"; };
		B50248BC1323D321000EE4B8 /* ConsoleLogger.m */ = {isa = PBXFileReference; fileEncoding = 4; lastKnownFileType = sourcecode.c.objc; path = ConsoleLogger.m; sourceTree = "<group>"; };
		B50248C41323E310000EE4B8 /* AbstractSensor.h */ = {isa = PBXFileReference; fileEncoding = 4; lastKnownFileType = sourcecode.c.h; lineEnding = 0; path = AbstractSensor.h; sourceTree = "<group>"; xcLanguageSpecificationIdentifier = xcode.lang.objcpp; };
		B50248C51323E310000EE4B8 /* AbstractSensor.m */ = {isa = PBXFileReference; fileEncoding = 4; lastKnownFileType = sourcecode.c.objc; lineEnding = 0; path = AbstractSensor.m; sourceTree = "<group>"; xcLanguageSpecificationIdentifier = xcode.lang.objc; };
		B5057BE815B0AF2A00EF6395 /* snsrlogAppStore-Info.plist */ = {isa = PBXFileReference; lastKnownFileType = text.plist.xml; path = "snsrlogAppStore-Info.plist"; sourceTree = "<group>"; };
		B50CF6EE1338D8FF003F6725 /* WiFiScanner.h */ = {isa = PBXFileReference; fileEncoding = 4; lastKnownFileType = sourcecode.c.h; path = WiFiScanner.h; sourceTree = "<group>"; };
		B50CF6EF1338D8FF003F6725 /* WiFiScanner.m */ = {isa = PBXFileReference; fileEncoding = 4; lastKnownFileType = sourcecode.c.objc; path = WiFiScanner.m; sourceTree = "<group>"; };
		B51ED855138156F800BB0684 /* GPSView.h */ = {isa = PBXFileReference; fileEncoding = 4; lastKnownFileType = sourcecode.c.h; path = GPSView.h; sourceTree = "<group>"; };
		B51ED856138156F800BB0684 /* GPSView.m */ = {isa = PBXFileReference; fileEncoding = 4; lastKnownFileType = sourcecode.c.objc; path = GPSView.m; sourceTree = "<group>"; };
		B52FD15D149111C800B31EB1 /* snsrlogAS.app */ = {isa = PBXFileReference; explicitFileType = wrapper.application; includeInIndex = 0; path = snsrlogAS.app; sourceTree = BUILT_PRODUCTS_DIR; };
		B53551FA135B257800D2CACF /* AVFoundation.framework */ = {isa = PBXFileReference; lastKnownFileType = wrapper.framework; name = AVFoundation.framework; path = System/Library/Frameworks/AVFoundation.framework; sourceTree = SDKROOT; };
		B542DC5B13B3728B0057FF5E /* ArchiveViewController.h */ = {isa = PBXFileReference; fileEncoding = 4; lastKnownFileType = sourcecode.c.h; path = ArchiveViewController.h; sourceTree = "<group>"; };
		B542DC5C13B3728B0057FF5E /* ArchiveViewController.m */ = {isa = PBXFileReference; fileEncoding = 4; lastKnownFileType = sourcecode.c.objc; path = ArchiveViewController.m; sourceTree = "<group>"; };
		B54E8AD71365B28D0010467E /* PacketEncoderDecoder.h */ = {isa = PBXFileReference; fileEncoding = 4; lastKnownFileType = sourcecode.c.h; lineEnding = 0; path = PacketEncoderDecoder.h; sourceTree = "<group>"; xcLanguageSpecificationIdentifier = xcode.lang.objcpp; };
		B54E8AD81365B28D0010467E /* PacketEncoderDecoder.m */ = {isa = PBXFileReference; fileEncoding = 4; lastKnownFileType = sourcecode.c.objc; path = PacketEncoderDecoder.m; sourceTree = "<group>"; };
		B54E8AD91365B28D0010467E /* StreamingClient.h */ = {isa = PBXFileReference; fileEncoding = 4; lastKnownFileType = sourcecode.c.h; path = StreamingClient.h; sourceTree = "<group>"; };
		B54E8ADA1365B28D0010467E /* StreamingClient.m */ = {isa = PBXFileReference; fileEncoding = 4; lastKnownFileType = sourcecode.c.objc; path = StreamingClient.m; sourceTree = "<group>"; };
		B54E8ADB1365B28D0010467E /* StreamingServer.h */ = {isa = PBXFileReference; fileEncoding = 4; lastKnownFileType = sourcecode.c.h; path = StreamingServer.h; sourceTree = "<group>"; };
		B54E8ADC1365B28D0010467E /* StreamingServer.m */ = {isa = PBXFileReference; fileEncoding = 4; lastKnownFileType = sourcecode.c.objc; path = StreamingServer.m; sourceTree = "<group>"; };
		B54E8AE01365B74C0010467E /* GameKit.framework */ = {isa = PBXFileReference; lastKnownFileType = wrapper.framework; name = GameKit.framework; path = System/Library/Frameworks/GameKit.framework; sourceTree = SDKROOT; };
		B5525D121386B78800EB93DB /* WiFiView.h */ = {isa = PBXFileReference; fileEncoding = 4; lastKnownFileType = sourcecode.c.h; path = WiFiView.h; sourceTree = "<group>"; };
		B5525D131386B78A00EB93DB /* WiFiView.m */ = {isa = PBXFileReference; fileEncoding = 4; lastKnownFileType = sourcecode.c.objc; path = WiFiView.m; sourceTree = "<group>"; };
		B554580F13DF4A2400EE8C7E /* AccelerometerAndGyroscopeView.h */ = {isa = PBXFileReference; fileEncoding = 4; lastKnownFileType = sourcecode.c.h; lineEnding = 0; path = AccelerometerAndGyroscopeView.h; sourceTree = "<group>"; xcLanguageSpecificationIdentifier = xcode.lang.objcpp; };
		B554581013DF4A2500EE8C7E /* AccelerometerAndGyroscopeView.m */ = {isa = PBXFileReference; fileEncoding = 4; lastKnownFileType = sourcecode.c.objc; lineEnding = 0; path = AccelerometerAndGyroscopeView.m; sourceTree = "<group>"; xcLanguageSpecificationIdentifier = xcode.lang.objc; };
		B555533D138165FA00BAAC0A /* AudioLevelMeter.h */ = {isa = PBXFileReference; fileEncoding = 4; lastKnownFileType = sourcecode.c.h; path = AudioLevelMeter.h; sourceTree = "<group>"; };
		B555533E138165FA00BAAC0A /* AudioLevelMeter.m */ = {isa = PBXFileReference; fileEncoding = 4; lastKnownFileType = sourcecode.c.objc; path = AudioLevelMeter.m; sourceTree = "<group>"; };
		B56133F2137C2AE200E40DE6 /* LiveViewController.h */ = {isa = PBXFileReference; fileEncoding = 4; lastKnownFileType = sourcecode.c.h; lineEnding = 0; path = LiveViewController.h; sourceTree = "<group>"; xcLanguageSpecificationIdentifier = xcode.lang.objcpp; };
		B56133F3137C2AE300E40DE6 /* LiveViewController.m */ = {isa = PBXFileReference; fileEncoding = 4; lastKnownFileType = sourcecode.c.objc; lineEnding = 0; path = LiveViewController.m; sourceTree = "<group>"; xcLanguageSpecificationIdentifier = xcode.lang.objc; };
		B5613421137C92F300E40DE6 /* QuartzCore.framework */ = {isa = PBXFileReference; lastKnownFileType = wrapper.framework; name = QuartzCore.framework; path = System/Library/Frameworks/QuartzCore.framework; sourceTree = SDKROOT; };
		B563BB0213BBEC8E00D2B5CD /* MediaPlayer.framework */ = {isa = PBXFileReference; lastKnownFileType = wrapper.framework; name = MediaPlayer.framework; path = System/Library/Frameworks/MediaPlayer.framework; sourceTree = SDKROOT; };
		B5699502138115C5001A5544 /* LiveView.h */ = {isa = PBXFileReference; fileEncoding = 4; lastKnownFileType = sourcecode.c.h; path = LiveView.h; sourceTree = "<group>"; };
		B5699503138115C5001A5544 /* LiveView.m */ = {isa = PBXFileReference; fileEncoding = 4; lastKnownFileType = sourcecode.c.objc; path = LiveView.m; sourceTree = "<group>"; };
		B569950D138118E2001A5544 /* CompassView.h */ = {isa = PBXFileReference; fileEncoding = 4; lastKnownFileType = sourcecode.c.h; path = CompassView.h; sourceTree = "<group>"; };
		B569950E138118E2001A5544 /* CompassView.m */ = {isa = PBXFileReference; fileEncoding = 4; lastKnownFileType = sourcecode.c.objc; path = CompassView.m; sourceTree = "<group>"; };
		B56C3EF115B0267D00E7EB3F /* SoundLevel_0.png */ = {isa = PBXFileReference; lastKnownFileType = image.png; name = SoundLevel_0.png; path = Assets/AudioLevelMeter/SoundLevel_0.png; sourceTree = "<group>"; };
		B56C3EF215B0267D00E7EB3F /* SoundLevel_1.png */ = {isa = PBXFileReference; lastKnownFileType = image.png; name = SoundLevel_1.png; path = Assets/AudioLevelMeter/SoundLevel_1.png; sourceTree = "<group>"; };
		B56C3EF315B0267D00E7EB3F /* SoundLevel_2.png */ = {isa = PBXFileReference; lastKnownFileType = image.png; name = SoundLevel_2.png; path = Assets/AudioLevelMeter/SoundLevel_2.png; sourceTree = "<group>"; };
		B56C3EF415B0267D00E7EB3F /* SoundLevel_3.png */ = {isa = PBXFileReference; lastKnownFileType = image.png; name = SoundLevel_3.png; path = Assets/AudioLevelMeter/SoundLevel_3.png; sourceTree = "<group>"; };
		B56C3EF515B0267D00E7EB3F /* SoundLevel_4.png */ = {isa = PBXFileReference; lastKnownFileType = image.png; name = SoundLevel_4.png; path = Assets/AudioLevelMeter/SoundLevel_4.png; sourceTree = "<group>"; };
		B56C3EF615B0267D00E7EB3F /* SoundLevel_5.png */ = {isa = PBXFileReference; lastKnownFileType = image.png; name = SoundLevel_5.png; path = Assets/AudioLevelMeter/SoundLevel_5.png; sourceTree = "<group>"; };
		B56C3EF715B0267D00E7EB3F /* SoundLevel_6.png */ = {isa = PBXFileReference; lastKnownFileType = image.png; name = SoundLevel_6.png; path = Assets/AudioLevelMeter/SoundLevel_6.png; sourceTree = "<group>"; };
		B56C3EF815B0267D00E7EB3F /* SoundLevel_7.png */ = {isa = PBXFileReference; lastKnownFileType = image.png; name = SoundLevel_7.png; path = Assets/AudioLevelMeter/SoundLevel_7.png; sourceTree = "<group>"; };
		B56C3EF915B0267D00E7EB3F /* SoundLevel_8.png */ = {isa = PBXFileReference; lastKnownFileType = image.png; name = SoundLevel_8.png; path = Assets/AudioLevelMeter/SoundLevel_8.png; sourceTree = "<group>"; };
		B56C3EFA15B0267D00E7EB3F /* SoundLevel_9.png */ = {isa = PBXFileReference; lastKnownFileType = image.png; name = SoundLevel_9.png; path = Assets/AudioLevelMeter/SoundLevel_9.png; sourceTree = "<group>"; };
		B56C3EFB15B0267D00E7EB3F /* SoundLevel_10.png */ = {isa = PBXFileReference; lastKnownFileType = image.png; name = SoundLevel_10.png; path = Assets/AudioLevelMeter/SoundLevel_10.png; sourceTree = "<group>"; };
		B56C3EFC15B0267D00E7EB3F /* SoundLevel_11.png */ = {isa = PBXFileReference; lastKnownFileType = image.png; name = SoundLevel_11.png; path = Assets/AudioLevelMeter/SoundLevel_11.png; sourceTree = "<group>"; };
		B56C3EFD15B0267D00E7EB3F /* SoundLevel_12.png */ = {isa = PBXFileReference; lastKnownFileType = image.png; name = SoundLevel_12.png; path = Assets/AudioLevelMeter/SoundLevel_12.png; sourceTree = "<group>"; };
		B56C3EFE15B0267D00E7EB3F /* SoundLevel_13.png */ = {isa = PBXFileReference; lastKnownFileType = image.png; name = SoundLevel_13.png; path = Assets/AudioLevelMeter/SoundLevel_13.png; sourceTree = "<group>"; };
		B56C3EFF15B0267D00E7EB3F /* SoundLevel_14.png */ = {isa = PBXFileReference; lastKnownFileType = image.png; name = SoundLevel_14.png; path = Assets/AudioLevelMeter/SoundLevel_14.png; sourceTree = "<group>"; };
		B56C3F0015B0267D00E7EB3F /* SoundLevel_15.png */ = {isa = PBXFileReference; lastKnownFileType = image.png; name = SoundLevel_15.png; path = Assets/AudioLevelMeter/SoundLevel_15.png; sourceTree = "<group>"; };
		B56C3F0115B0267D00E7EB3F /* SoundLevel_16.png */ = {isa = PBXFileReference; lastKnownFileType = image.png; name = SoundLevel_16.png; path = Assets/AudioLevelMeter/SoundLevel_16.png; sourceTree = "<group>"; };
		B56C3F0215B0267D00E7EB3F /* SoundLevel_17.png */ = {isa = PBXFileReference; lastKnownFileType = image.png; name = SoundLevel_17.png; path = Assets/AudioLevelMeter/SoundLevel_17.png; sourceTree = "<group>"; };
		B56C3F0315B0267D00E7EB3F /* SoundLevel_18.png */ = {isa = PBXFileReference; lastKnownFileType = image.png; name = SoundLevel_18.png; path = Assets/AudioLevelMeter/SoundLevel_18.png; sourceTree = "<group>"; };
		B56C3F0415B0267D00E7EB3F /* SoundLevel_19.png */ = {isa = PBXFileReference; lastKnownFileType = image.png; name = SoundLevel_19.png; path = Assets/AudioLevelMeter/SoundLevel_19.png; sourceTree = "<group>"; };
		B56C3F0515B0267D00E7EB3F /* SoundLevel_20.png */ = {isa = PBXFileReference; lastKnownFileType = image.png; name = SoundLevel_20.png; path = Assets/AudioLevelMeter/SoundLevel_20.png; sourceTree = "<group>"; };
		B56C3F3015B026AE00E7EB3F /* Default.png */ = {isa = PBXFileReference; lastKnownFileType = image.png; name = Default.png; path = Assets/Default.png; sourceTree = "<group>"; };
		B56C3F3115B026AE00E7EB3F /* Default@2x.png */ = {isa = PBXFileReference; lastKnownFileType = image.png; name = "Default@2x.png"; path = "Assets/Default@2x.png"; sourceTree = "<group>"; };
		B56C3F3215B026AE00E7EB3F /* Icon-Small.png */ = {isa = PBXFileReference; lastKnownFileType = image.png; name = "Icon-Small.png"; path = "Assets/Icon-Small.png"; sourceTree = "<group>"; };
		B56C3F3315B026AE00E7EB3F /* Icon-Small@2x.png */ = {isa = PBXFileReference; lastKnownFileType = image.png; name = "Icon-Small@2x.png"; path = "Assets/Icon-Small@2x.png"; sourceTree = "<group>"; };
		B56C3F3415B026AE00E7EB3F /* Icon.png */ = {isa = PBXFileReference; lastKnownFileType = image.png; name = Icon.png; path = Assets/Icon.png; sourceTree = "<group>"; };
		B56C3F3515B026AE00E7EB3F /* Icon@2x.png */ = {isa = PBXFileReference; lastKnownFileType = image.png; name = "Icon@2x.png"; path = "Assets/Icon@2x.png"; sourceTree = "<group>"; };
		B56C3F3615B026AE00E7EB3F /* iTunesArtwork.png */ = {isa = PBXFileReference; lastKnownFileType = image.png; name = iTunesArtwork.png; path = Assets/iTunesArtwork.png; sourceTree = "<group>"; };
		B56C3F4515B0270A00E7EB3F /* compassWithoutNeedle.png */ = {isa = PBXFileReference; lastKnownFileType = image.png; name = compassWithoutNeedle.png; path = Assets/Icons/compassWithoutNeedle.png; sourceTree = "<group>"; };
		B56C3F4615B0270A00E7EB3F /* key.png */ = {isa = PBXFileReference; lastKnownFileType = image.png; name = key.png; path = Assets/Icons/key.png; sourceTree = "<group>"; };
		B56C3F4715B0270A00E7EB3F /* key@2x.png */ = {isa = PBXFileReference; lastKnownFileType = image.png; name = "key@2x.png"; path = "Assets/Icons/key@2x.png"; sourceTree = "<group>"; };
		B56C3F4815B0270A00E7EB3F /* liveViewIcon.png */ = {isa = PBXFileReference; lastKnownFileType = image.png; name = liveViewIcon.png; path = Assets/Icons/liveViewIcon.png; sourceTree = "<group>"; };
		B56C3F4915B0270A00E7EB3F /* liveViewIcon@2x.png */ = {isa = PBXFileReference; lastKnownFileType = image.png; name = "liveViewIcon@2x.png"; path = "Assets/Icons/liveViewIcon@2x.png"; sourceTree = "<group>"; };
		B56C3F4A15B0270A00E7EB3F /* LockClosed.png */ = {isa = PBXFileReference; lastKnownFileType = image.png; name = LockClosed.png; path = Assets/Icons/LockClosed.png; sourceTree = "<group>"; };
		B56C3F4B15B0270A00E7EB3F /* LockClosed@2x.png */ = {isa = PBXFileReference; lastKnownFileType = image.png; name = "LockClosed@2x.png"; path = "Assets/Icons/LockClosed@2x.png"; sourceTree = "<group>"; };
		B56C3F4C15B0270A00E7EB3F /* LockOpen.png */ = {isa = PBXFileReference; lastKnownFileType = image.png; name = LockOpen.png; path = Assets/Icons/LockOpen.png; sourceTree = "<group>"; };
		B56C3F4D15B0270A00E7EB3F /* LockOpen@2x.png */ = {isa = PBXFileReference; lastKnownFileType = image.png; name = "LockOpen@2x.png"; path = "Assets/Icons/LockOpen@2x.png"; sourceTree = "<group>"; };
		B56C3F4E15B0270A00E7EB3F /* microphone.png */ = {isa = PBXFileReference; lastKnownFileType = image.png; name = microphone.png; path = Assets/Icons/microphone.png; sourceTree = "<group>"; };
		B56C3F4F15B0270A00E7EB3F /* microphone@2x.png */ = {isa = PBXFileReference; lastKnownFileType = image.png; name = "microphone@2x.png"; path = "Assets/Icons/microphone@2x.png"; sourceTree = "<group>"; };
		B56C3F5015B0270A00E7EB3F /* recordingIcon.png */ = {isa = PBXFileReference; lastKnownFileType = image.png; name = recordingIcon.png; path = Assets/Icons/recordingIcon.png; sourceTree = "<group>"; };
		B56C3F5115B0270A00E7EB3F /* recordingIcon@2x.png */ = {isa = PBXFileReference; lastKnownFileType = image.png; name = "recordingIcon@2x.png"; path = "Assets/Icons/recordingIcon@2x.png"; sourceTree = "<group>"; };
		B56C3F5215B0270A00E7EB3F /* satellite.png */ = {isa = PBXFileReference; lastKnownFileType = image.png; name = satellite.png; path = Assets/Icons/satellite.png; sourceTree = "<group>"; };
		B56C3F5315B0270A00E7EB3F /* satellite@2x.png */ = {isa = PBXFileReference; lastKnownFileType = image.png; name = "satellite@2x.png"; path = "Assets/Icons/satellite@2x.png"; sourceTree = "<group>"; };
		B56C3F5415B0270A00E7EB3F /* streamingIcon.png */ = {isa = PBXFileReference; lastKnownFileType = image.png; name = streamingIcon.png; path = Assets/Icons/streamingIcon.png; sourceTree = "<group>"; };
		B56C3F5515B0270A00E7EB3F /* streamingIcon@2x.png */ = {isa = PBXFileReference; lastKnownFileType = image.png; name = "streamingIcon@2x.png"; path = "Assets/Icons/streamingIcon@2x.png"; sourceTree = "<group>"; };
		B56C3F5615B0270A00E7EB3F /* wifi.png */ = {isa = PBXFileReference; lastKnownFileType = image.png; name = wifi.png; path = Assets/Icons/wifi.png; sourceTree = "<group>"; };
		B575638613D081AE0012D1B4 /* StreamingLiveFlipsideViewController.h */ = {isa = PBXFileReference; fileEncoding = 4; lastKnownFileType = sourcecode.c.h; path = StreamingLiveFlipsideViewController.h; sourceTree = "<group>"; };
		B575638713D081AF0012D1B4 /* StreamingLiveFlipsideViewController.m */ = {isa = PBXFileReference; fileEncoding = 4; lastKnownFileType = sourcecode.c.objc; path = StreamingLiveFlipsideViewController.m; sourceTree = "<group>"; };
		B5792BEA148E93D7008FC8F1 /* BTFancyButton.h */ = {isa = PBXFileReference; fileEncoding = 4; lastKnownFileType = sourcecode.c.h; path = BTFancyButton.h; sourceTree = "<group>"; };
		B5792BEB148E93D7008FC8F1 /* BTFancyButton.m */ = {isa = PBXFileReference; fileEncoding = 4; lastKnownFileType = sourcecode.c.objc; path = BTFancyButton.m; sourceTree = "<group>"; };
		B57A6A9513C495A4008BB675 /* StreamingLiveViewController.h */ = {isa = PBXFileReference; fileEncoding = 4; lastKnownFileType = sourcecode.c.h; path = StreamingLiveViewController.h; sourceTree = "<group>"; };
		B57A6A9613C495A4008BB675 /* StreamingLiveViewController.m */ = {isa = PBXFileReference; fileEncoding = 4; lastKnownFileType = sourcecode.c.objc; path = StreamingLiveViewController.m; sourceTree = "<group>"; };
		B586069413DD8E8F00CACEA1 /* MapKit.framework */ = {isa = PBXFileReference; lastKnownFileType = wrapper.framework; name = MapKit.framework; path = System/Library/Frameworks/MapKit.framework; sourceTree = SDKROOT; };
		B5B3845E15AEFF79004D8DC6 /* AddLabelPopupViewController.h */ = {isa = PBXFileReference; fileEncoding = 4; lastKnownFileType = sourcecode.c.h; lineEnding = 0; path = AddLabelPopupViewController.h; sourceTree = "<group>"; xcLanguageSpecificationIdentifier = xcode.lang.objcpp; };
		B5B3845F15AEFF79004D8DC6 /* AddLabelPopupViewController.m */ = {isa = PBXFileReference; fileEncoding = 4; lastKnownFileType = sourcecode.c.objc; path = AddLabelPopupViewController.m; sourceTree = "<group>"; };
		B5B3846015AEFF79004D8DC6 /* AddLabelPopupViewController.xib */ = {isa = PBXFileReference; fileEncoding = 4; lastKnownFileType = file.xib; path = AddLabelPopupViewController.xib; sourceTree = "<group>"; };
		B5B45DB113B8CF400062CE4C /* RecordingsDetailViewController.h */ = {isa = PBXFileReference; fileEncoding = 4; lastKnownFileType = sourcecode.c.h; path = RecordingsDetailViewController.h; sourceTree = "<group>"; };
		B5B45DB213B8CF400062CE4C /* RecordingsDetailViewController.m */ = {isa = PBXFileReference; fileEncoding = 4; lastKnownFileType = sourcecode.c.objc; path = RecordingsDetailViewController.m; sourceTree = "<group>"; };
		B5B45DB413BA078B0062CE4C /* RecordingsFileViewController.h */ = {isa = PBXFileReference; fileEncoding = 4; lastKnownFileType = sourcecode.c.h; path = RecordingsFileViewController.h; sourceTree = "<group>"; };
		B5B45DB513BA078B0062CE4C /* RecordingsFileViewController.m */ = {isa = PBXFileReference; fileEncoding = 4; lastKnownFileType = sourcecode.c.objc; path = RecordingsFileViewController.m; sourceTree = "<group>"; };
		B5B45DB613BA078B0062CE4C /* RecordingsFileViewController.xib */ = {isa = PBXFileReference; fileEncoding = 4; lastKnownFileType = file.xib; path = RecordingsFileViewController.xib; sourceTree = "<group>"; };
		B5B5F5B813938CCE0053FD23 /* LockScreenViewController.h */ = {isa = PBXFileReference; fileEncoding = 4; lastKnownFileType = sourcecode.c.h; path = LockScreenViewController.h; sourceTree = "<group>"; };
		B5B5F5B913938CCE0053FD23 /* LockScreenViewController.m */ = {isa = PBXFileReference; fileEncoding = 4; lastKnownFileType = sourcecode.c.objc; path = LockScreenViewController.m; sourceTree = "<group>"; };
		B5B5F5BA13938CCE0053FD23 /* LockScreenViewController.xib */ = {isa = PBXFileReference; fileEncoding = 4; lastKnownFileType = file.xib; path = LockScreenViewController.xib; sourceTree = "<group>"; };
		B5B6DF0B1A18C1FC004EE220 /* Default-568h@2x.png */ = {isa = PBXFileReference; lastKnownFileType = image.png; path = "Default-568h@2x.png"; sourceTree = "<group>"; };
		B5B82C4A132508B5005D432D /* Accelerometer.h */ = {isa = PBXFileReference; fileEncoding = 4; lastKnownFileType = sourcecode.c.h; lineEnding = 0; path = Accelerometer.h; sourceTree = "<group>"; xcLanguageSpecificationIdentifier = xcode.lang.objcpp; };
		B5B82C4B132508B5005D432D /* Accelerometer.m */ = {isa = PBXFileReference; fileEncoding = 4; lastKnownFileType = sourcecode.c.objc; lineEnding = 0; path = Accelerometer.m; sourceTree = "<group>"; xcLanguageSpecificationIdentifier = xcode.lang.objc; };
		B5B82C7313251271005D432D /* CoreMotion.framework */ = {isa = PBXFileReference; lastKnownFileType = wrapper.framework; name = CoreMotion.framework; path = System/Library/Frameworks/CoreMotion.framework; sourceTree = SDKROOT; };
		B5B8E09813BF2D2E006C44AB /* StreamingMainViewController.h */ = {isa = PBXFileReference; fileEncoding = 4; lastKnownFileType = sourcecode.c.h; path = StreamingMainViewController.h; sourceTree = "<group>"; };
		B5B8E09913BF2D2E006C44AB /* StreamingMainViewController.m */ = {isa = PBXFileReference; fileEncoding = 4; lastKnownFileType = sourcecode.c.objc; path = StreamingMainViewController.m; sourceTree = "<group>"; };
		B5B8E09A13BF2D2E006C44AB /* StreamingMainViewController.xib */ = {isa = PBXFileReference; fileEncoding = 4; lastKnownFileType = file.xib; path = StreamingMainViewController.xib; sourceTree = "<group>"; };
		B5C3C0C21493A269004BBC15 /* Settings.bundle */ = {isa = PBXFileReference; lastKnownFileType = "wrapper.plug-in"; path = Settings.bundle; sourceTree = "<group>"; };
		B5CB7D7D132E6054005BFDC3 /* FileWriter.h */ = {isa = PBXFileReference; fileEncoding = 4; lastKnownFileType = sourcecode.c.h; path = FileWriter.h; sourceTree = "<group>"; };
		B5CB7D7E132E6055005BFDC3 /* FileWriter.m */ = {isa = PBXFileReference; fileEncoding = 4; lastKnownFileType = sourcecode.c.objc; path = FileWriter.m; sourceTree = "<group>"; };
		B5CB7D80132FB986005BFDC3 /* Labels.h */ = {isa = PBXFileReference; fileEncoding = 4; lastKnownFileType = sourcecode.c.h; path = Labels.h; sourceTree = "<group>"; };
		B5CB7D81132FB986005BFDC3 /* Labels.m */ = {isa = PBXFileReference; fileEncoding = 4; lastKnownFileType = sourcecode.c.objc; path = Labels.m; sourceTree = "<group>"; };
		B5CDCFD313AA47FE00B0FE35 /* Settings.bundle */ = {isa = PBXFileReference; lastKnownFileType = "wrapper.plug-in"; path = Settings.bundle; sourceTree = "<group>"; };
		B5D1712D1329044500A8EF72 /* Preferences.h */ = {isa = PBXFileReference; fileEncoding = 4; lastKnownFileType = sourcecode.c.h; path = Preferences.h; sourceTree = "<group>"; };
		B5D1712E1329044500A8EF72 /* Preferences.m */ = {isa = PBXFileReference; fileEncoding = 4; lastKnownFileType = sourcecode.c.objc; path = Preferences.m; sourceTree = "<group>"; };
		B5D63687147FC8460009FF3D /* MBProgressHUD.h */ = {isa = PBXFileReference; fileEncoding = 4; lastKnownFileType = sourcecode.c.h; path = MBProgressHUD.h; sourceTree = "<group>"; };
		B5D63688147FC8460009FF3D /* MBProgressHUD.m */ = {isa = PBXFileReference; fileEncoding = 4; lastKnownFileType = sourcecode.c.objc; path = MBProgressHUD.m; sourceTree = "<group>"; };
		B5D6E8D7138BE614002AABC6 /* RecordingViewController.h */ = {isa = PBXFileReference; fileEncoding = 4; lastKnownFileType = sourcecode.c.h; path = RecordingViewController.h; sourceTree = "<group>"; };
		B5D6E8D8138BE614002AABC6 /* RecordingViewController.m */ = {isa = PBXFileReference; fileEncoding = 4; lastKnownFileType = sourcecode.c.objc; lineEnding = 0; path = RecordingViewController.m; sourceTree = "<group>"; xcLanguageSpecificationIdentifier = xcode.lang.objc; };
		B5D6E8D9138BE614002AABC6 /* RecordingViewController.xib */ = {isa = PBXFileReference; fileEncoding = 4; lastKnownFileType = file.xib; path = RecordingViewController.xib; sourceTree = "<group>"; };
		B5E3890C133263CC00F33643 /* CompassAndGPS.h */ = {isa = PBXFileReference; fileEncoding = 4; lastKnownFileType = sourcecode.c.h; path = CompassAndGPS.h; sourceTree = "<group>"; };
		B5E3890D133263CE00F33643 /* CompassAndGPS.m */ = {isa = PBXFileReference; fileEncoding = 4; lastKnownFileType = sourcecode.c.objc; path = CompassAndGPS.m; sourceTree = "<group>"; };
		B5E3890F1332660400F33643 /* CoreLocation.framework */ = {isa = PBXFileReference; lastKnownFileType = wrapper.framework; name = CoreLocation.framework; path = System/Library/Frameworks/CoreLocation.framework; sourceTree = SDKROOT; };
		B5E62B3B132A4FD300AA6020 /* Gyroscope.h */ = {isa = PBXFileReference; fileEncoding = 4; lastKnownFileType = sourcecode.c.h; path = Gyroscope.h; sourceTree = "<group>"; };
		B5E62B3C132A4FD300AA6020 /* Gyroscope.m */ = {isa = PBXFileReference; fileEncoding = 4; lastKnownFileType = sourcecode.c.objc; path = Gyroscope.m; sourceTree = "<group>"; };
		B5EE528D1351A0F600EB6809 /* AudioInput.h */ = {isa = PBXFileReference; fileEncoding = 4; lastKnownFileType = sourcecode.c.h; path = AudioInput.h; sourceTree = "<group>"; };
		B5EE528E1351A0F600EB6809 /* AudioInput.m */ = {isa = PBXFileReference; fileEncoding = 4; lastKnownFileType = sourcecode.c.objc; path = AudioInput.m; sourceTree = "<group>"; };
		B5EE52901351B14F00EB6809 /* AudioToolbox.framework */ = {isa = PBXFileReference; lastKnownFileType = wrapper.framework; name = AudioToolbox.framework; path = System/Library/Frameworks/AudioToolbox.framework; sourceTree = SDKROOT; };
		B5F180B514CEFDE9006BD93D /* GraphView.h */ = {isa = PBXFileReference; fileEncoding = 4; lastKnownFileType = sourcecode.c.h; path = GraphView.h; sourceTree = "<group>"; };
		B5F180B614CEFDE9006BD93D /* GraphView.m */ = {isa = PBXFileReference; fileEncoding = 4; lastKnownFileType = sourcecode.c.objc; path = GraphView.m; sourceTree = "<group>"; };
/* End PBXFileReference section */

/* Begin PBXFrameworksBuildPhase section */
		1D60588F0D05DD3D006BFB54 /* Frameworks */ = {
			isa = PBXFrameworksBuildPhase;
			buildActionMask = 2147483647;
			files = (
				B586069513DD8E8F00CACEA1 /* MapKit.framework in Frameworks */,
				B563BB0313BBEC8E00D2B5CD /* MediaPlayer.framework in Frameworks */,
				B5613422137C92F300E40DE6 /* QuartzCore.framework in Frameworks */,
				B54E8AE11365B74C0010467E /* GameKit.framework in Frameworks */,
				B53551FB135B257800D2CACF /* AVFoundation.framework in Frameworks */,
				B5EE52911351B14F00EB6809 /* AudioToolbox.framework in Frameworks */,
				B5E389101332660500F33643 /* CoreLocation.framework in Frameworks */,
				1D60589F0D05DD5A006BFB54 /* Foundation.framework in Frameworks */,
				1DF5F4E00D08C38300B7A737 /* UIKit.framework in Frameworks */,
				288765FD0DF74451002DB57D /* CoreGraphics.framework in Frameworks */,
				B5B82C7413251271005D432D /* CoreMotion.framework in Frameworks */,
			);
			runOnlyForDeploymentPostprocessing = 0;
		};
		B52FD14E149111C800B31EB1 /* Frameworks */ = {
			isa = PBXFrameworksBuildPhase;
			buildActionMask = 2147483647;
			files = (
				B52FD14F149111C800B31EB1 /* MapKit.framework in Frameworks */,
				B52FD150149111C800B31EB1 /* MediaPlayer.framework in Frameworks */,
				B52FD151149111C800B31EB1 /* QuartzCore.framework in Frameworks */,
				B52FD152149111C800B31EB1 /* GameKit.framework in Frameworks */,
				B52FD153149111C800B31EB1 /* AVFoundation.framework in Frameworks */,
				B52FD154149111C800B31EB1 /* AudioToolbox.framework in Frameworks */,
				B52FD155149111C800B31EB1 /* CoreLocation.framework in Frameworks */,
				B52FD156149111C800B31EB1 /* Foundation.framework in Frameworks */,
				B52FD157149111C800B31EB1 /* UIKit.framework in Frameworks */,
				B52FD158149111C800B31EB1 /* CoreGraphics.framework in Frameworks */,
				B52FD159149111C800B31EB1 /* CoreMotion.framework in Frameworks */,
			);
			runOnlyForDeploymentPostprocessing = 0;
		};
/* End PBXFrameworksBuildPhase section */

/* Begin PBXGroup section */
		080E96DDFE201D6D7F000001 /* Classes */ = {
			isa = PBXGroup;
			children = (
				B56133F9137C321300E40DE6 /* Views */,
				B56133F5137C2AF800E40DE6 /* ViewControllers */,
				B54E8AD61365B23B0010467E /* Streaming */,
				B502489C1323CCD3000EE4B8 /* Listeners */,
				B502489B1323CCC9000EE4B8 /* Sensors */,
				1D3623240D0F684500981E51 /* snsrlogAppDelegate.h */,
				1D3623250D0F684500981E51 /* snsrlogAppDelegate.m */,
				B5D1712D1329044500A8EF72 /* Preferences.h */,
				B5D1712E1329044500A8EF72 /* Preferences.m */,
			);
			path = Classes;
			sourceTree = "<group>";
		};
		19C28FACFE9D520D11CA2CBB /* Products */ = {
			isa = PBXGroup;
			children = (
				1D6058910D05DD3D006BFB54 /* snsrlog.app */,
				B52FD15D149111C800B31EB1 /* snsrlogAS.app */,
			);
			name = Products;
			sourceTree = "<group>";
		};
		29B97314FDCFA39411CA2CEA /* CustomTemplate */ = {
			isa = PBXGroup;
			children = (
				080E96DDFE201D6D7F000001 /* Classes */,
				29B97315FDCFA39411CA2CEA /* Other Sources */,
				29B97317FDCFA39411CA2CEA /* Resources */,
				29B97323FDCFA39411CA2CEA /* Frameworks */,
				19C28FACFE9D520D11CA2CBB /* Products */,
				B5C3C0C01493A269004BBC15 /* AppStoreSettingsBundle */,
				B5CDCFD313AA47FE00B0FE35 /* Settings.bundle */,
			);
			name = CustomTemplate;
			sourceTree = "<group>";
		};
		29B97315FDCFA39411CA2CEA /* Other Sources */ = {
			isa = PBXGroup;
			children = (
				32CA4F630368D1EE00C91783 /* snsrlog_Prefix.pch */,
				29B97316FDCFA39411CA2CEA /* main.m */,
			);
			name = "Other Sources";
			sourceTree = "<group>";
		};
		29B97317FDCFA39411CA2CEA /* Resources */ = {
			isa = PBXGroup;
			children = (
				B5B6DF0B1A18C1FC004EE220 /* Default-568h@2x.png */,
				B56C3F3015B026AE00E7EB3F /* Default.png */,
				B56C3F3115B026AE00E7EB3F /* Default@2x.png */,
				B56C3F3215B026AE00E7EB3F /* Icon-Small.png */,
				B56C3F3315B026AE00E7EB3F /* Icon-Small@2x.png */,
				B56C3F3415B026AE00E7EB3F /* Icon.png */,
				B56C3F3515B026AE00E7EB3F /* Icon@2x.png */,
				B56C3F3615B026AE00E7EB3F /* iTunesArtwork.png */,
				B555536C1381698000BAAC0A /* AudioLevelMeter */,
				B56133F8137C2F7E00E40DE6 /* Icons */,
				28AD733E0D9D9553002E5188 /* MainWindow.xib */,
				8D1107310486CEB800E47090 /* snsrlog-Info.plist */,
				B5057BE815B0AF2A00EF6395 /* snsrlogAppStore-Info.plist */,
			);
			name = Resources;
			sourceTree = "<group>";
		};
		29B97323FDCFA39411CA2CEA /* Frameworks */ = {
			isa = PBXGroup;
			children = (
				B586069413DD8E8F00CACEA1 /* MapKit.framework */,
				B563BB0213BBEC8E00D2B5CD /* MediaPlayer.framework */,
				B5613421137C92F300E40DE6 /* QuartzCore.framework */,
				B54E8AE01365B74C0010467E /* GameKit.framework */,
				B53551FA135B257800D2CACF /* AVFoundation.framework */,
				B5EE52901351B14F00EB6809 /* AudioToolbox.framework */,
				B5E3890F1332660400F33643 /* CoreLocation.framework */,
				1DF5F4DF0D08C38300B7A737 /* UIKit.framework */,
				1D30AB110D05D00D00671497 /* Foundation.framework */,
				288765FC0DF74451002DB57D /* CoreGraphics.framework */,
				B5B82C7313251271005D432D /* CoreMotion.framework */,
			);
			name = Frameworks;
			sourceTree = "<group>";
		};
		B502489B1323CCC9000EE4B8 /* Sensors */ = {
			isa = PBXGroup;
			children = (
				B50248C41323E310000EE4B8 /* AbstractSensor.h */,
				B50248C51323E310000EE4B8 /* AbstractSensor.m */,
				B5EE528D1351A0F600EB6809 /* AudioInput.h */,
				B5EE528E1351A0F600EB6809 /* AudioInput.m */,
				B5B82C4A132508B5005D432D /* Accelerometer.h */,
				B5B82C4B132508B5005D432D /* Accelerometer.m */,
				B5E62B3B132A4FD300AA6020 /* Gyroscope.h */,
				B5E62B3C132A4FD300AA6020 /* Gyroscope.m */,
				B5CB7D80132FB986005BFDC3 /* Labels.h */,
				B5CB7D81132FB986005BFDC3 /* Labels.m */,
				B5E3890C133263CC00F33643 /* CompassAndGPS.h */,
				B5E3890D133263CE00F33643 /* CompassAndGPS.m */,
				B50CF6EE1338D8FF003F6725 /* WiFiScanner.h */,
				B50CF6EF1338D8FF003F6725 /* WiFiScanner.m */,
			);
			name = Sensors;
			sourceTree = "<group>";
		};
		B502489C1323CCD3000EE4B8 /* Listeners */ = {
			isa = PBXGroup;
			children = (
				B502489D1323CDCE000EE4B8 /* Listener.h */,
				B50248BB1323D321000EE4B8 /* ConsoleLogger.h */,
				B50248BC1323D321000EE4B8 /* ConsoleLogger.m */,
				B5CB7D7D132E6054005BFDC3 /* FileWriter.h */,
				B5CB7D7E132E6055005BFDC3 /* FileWriter.m */,
			);
			name = Listeners;
			sourceTree = "<group>";
		};
		B511CCBC1382AC150086E9D2 /* LiveView */ = {
			isa = PBXGroup;
			children = (
				B5F180B514CEFDE9006BD93D /* GraphView.h */,
				B5F180B614CEFDE9006BD93D /* GraphView.m */,
				B5699502138115C5001A5544 /* LiveView.h */,
				B5699503138115C5001A5544 /* LiveView.m */,
				B569950D138118E2001A5544 /* CompassView.h */,
				B569950E138118E2001A5544 /* CompassView.m */,
				B51ED855138156F800BB0684 /* GPSView.h */,
				B51ED856138156F800BB0684 /* GPSView.m */,
				B555533D138165FA00BAAC0A /* AudioLevelMeter.h */,
				B555533E138165FA00BAAC0A /* AudioLevelMeter.m */,
				B5525D121386B78800EB93DB /* WiFiView.h */,
				B5525D131386B78A00EB93DB /* WiFiView.m */,
				B554580F13DF4A2400EE8C7E /* AccelerometerAndGyroscopeView.h */,
				B554581013DF4A2500EE8C7E /* AccelerometerAndGyroscopeView.m */,
			);
			name = LiveView;
			sourceTree = "<group>";
		};
		B54E8AD61365B23B0010467E /* Streaming */ = {
			isa = PBXGroup;
			children = (
				B54E8AD71365B28D0010467E /* PacketEncoderDecoder.h */,
				B54E8AD81365B28D0010467E /* PacketEncoderDecoder.m */,
				B54E8AD91365B28D0010467E /* StreamingClient.h */,
				B54E8ADA1365B28D0010467E /* StreamingClient.m */,
				B54E8ADB1365B28D0010467E /* StreamingServer.h */,
				B54E8ADC1365B28D0010467E /* StreamingServer.m */,
			);
			name = Streaming;
			sourceTree = "<group>";
		};
		B555536C1381698000BAAC0A /* AudioLevelMeter */ = {
			isa = PBXGroup;
			children = (
				B56C3EF115B0267D00E7EB3F /* SoundLevel_0.png */,
				B56C3EF215B0267D00E7EB3F /* SoundLevel_1.png */,
				B56C3EF315B0267D00E7EB3F /* SoundLevel_2.png */,
				B56C3EF415B0267D00E7EB3F /* SoundLevel_3.png */,
				B56C3EF515B0267D00E7EB3F /* SoundLevel_4.png */,
				B56C3EF615B0267D00E7EB3F /* SoundLevel_5.png */,
				B56C3EF715B0267D00E7EB3F /* SoundLevel_6.png */,
				B56C3EF815B0267D00E7EB3F /* SoundLevel_7.png */,
				B56C3EF915B0267D00E7EB3F /* SoundLevel_8.png */,
				B56C3EFA15B0267D00E7EB3F /* SoundLevel_9.png */,
				B56C3EFB15B0267D00E7EB3F /* SoundLevel_10.png */,
				B56C3EFC15B0267D00E7EB3F /* SoundLevel_11.png */,
				B56C3EFD15B0267D00E7EB3F /* SoundLevel_12.png */,
				B56C3EFE15B0267D00E7EB3F /* SoundLevel_13.png */,
				B56C3EFF15B0267D00E7EB3F /* SoundLevel_14.png */,
				B56C3F0015B0267D00E7EB3F /* SoundLevel_15.png */,
				B56C3F0115B0267D00E7EB3F /* SoundLevel_16.png */,
				B56C3F0215B0267D00E7EB3F /* SoundLevel_17.png */,
				B56C3F0315B0267D00E7EB3F /* SoundLevel_18.png */,
				B56C3F0415B0267D00E7EB3F /* SoundLevel_19.png */,
				B56C3F0515B0267D00E7EB3F /* SoundLevel_20.png */,
			);
			name = AudioLevelMeter;
			sourceTree = "<group>";
		};
		B56133F5137C2AF800E40DE6 /* ViewControllers */ = {
			isa = PBXGroup;
			children = (
				B57A6A9213C49493008BB675 /* Archive */,
				B56133F2137C2AE200E40DE6 /* LiveViewController.h */,
				B56133F3137C2AE300E40DE6 /* LiveViewController.m */,
				B57A6A9313C494D9008BB675 /* Recording */,
				B57A6A9413C4951D008BB675 /* Streaming */,
			);
			name = ViewControllers;
			sourceTree = "<group>";
		};
		B56133F8137C2F7E00E40DE6 /* Icons */ = {
			isa = PBXGroup;
			children = (
				B56C3F4515B0270A00E7EB3F /* compassWithoutNeedle.png */,
				B56C3F4615B0270A00E7EB3F /* key.png */,
				B56C3F4715B0270A00E7EB3F /* key@2x.png */,
				B56C3F4815B0270A00E7EB3F /* liveViewIcon.png */,
				B56C3F4915B0270A00E7EB3F /* liveViewIcon@2x.png */,
				B56C3F4A15B0270A00E7EB3F /* LockClosed.png */,
				B56C3F4B15B0270A00E7EB3F /* LockClosed@2x.png */,
				B56C3F4C15B0270A00E7EB3F /* LockOpen.png */,
				B56C3F4D15B0270A00E7EB3F /* LockOpen@2x.png */,
				B56C3F4E15B0270A00E7EB3F /* microphone.png */,
				B56C3F4F15B0270A00E7EB3F /* microphone@2x.png */,
				B56C3F5015B0270A00E7EB3F /* recordingIcon.png */,
				B56C3F5115B0270A00E7EB3F /* recordingIcon@2x.png */,
				B56C3F5215B0270A00E7EB3F /* satellite.png */,
				B56C3F5315B0270A00E7EB3F /* satellite@2x.png */,
				B56C3F5415B0270A00E7EB3F /* streamingIcon.png */,
				B56C3F5515B0270A00E7EB3F /* streamingIcon@2x.png */,
				B56C3F5615B0270A00E7EB3F /* wifi.png */,
			);
			name = Icons;
			sourceTree = "<group>";
		};
		B56133F9137C321300E40DE6 /* Views */ = {
			isa = PBXGroup;
			children = (
				B5D63687147FC8460009FF3D /* MBProgressHUD.h */,
				B5D63688147FC8460009FF3D /* MBProgressHUD.m */,
				B5792BEA148E93D7008FC8F1 /* BTFancyButton.h */,
				B5792BEB148E93D7008FC8F1 /* BTFancyButton.m */,
				B5B8E09A13BF2D2E006C44AB /* StreamingMainViewController.xib */,
				B5B45DB613BA078B0062CE4C /* RecordingsFileViewController.xib */,
				B5B5F5BA13938CCE0053FD23 /* LockScreenViewController.xib */,
				B5D6E8D9138BE614002AABC6 /* RecordingViewController.xib */,
				B5B3846015AEFF79004D8DC6 /* AddLabelPopupViewController.xib */,
				B511CCBC1382AC150086E9D2 /* LiveView */,
			);
			name = Views;
			sourceTree = "<group>";
		};
		B57A6A9213C49493008BB675 /* Archive */ = {
			isa = PBXGroup;
			children = (
				B542DC5C13B3728B0057FF5E /* ArchiveViewController.m */,
				B542DC5B13B3728B0057FF5E /* ArchiveViewController.h */,
				B5B45DB113B8CF400062CE4C /* RecordingsDetailViewController.h */,
				B5B45DB213B8CF400062CE4C /* RecordingsDetailViewController.m */,
				B5B45DB413BA078B0062CE4C /* RecordingsFileViewController.h */,
				B5B45DB513BA078B0062CE4C /* RecordingsFileViewController.m */,
			);
			name = Archive;
			sourceTree = "<group>";
		};
		B57A6A9313C494D9008BB675 /* Recording */ = {
			isa = PBXGroup;
			children = (
				B5B3845E15AEFF79004D8DC6 /* AddLabelPopupViewController.h */,
				B5B3845F15AEFF79004D8DC6 /* AddLabelPopupViewController.m */,
				B5D6E8D7138BE614002AABC6 /* RecordingViewController.h */,
				B5D6E8D8138BE614002AABC6 /* RecordingViewController.m */,
				B5B5F5B813938CCE0053FD23 /* LockScreenViewController.h */,
				B5B5F5B913938CCE0053FD23 /* LockScreenViewController.m */,
			);
			name = Recording;
			sourceTree = "<group>";
		};
		B57A6A9413C4951D008BB675 /* Streaming */ = {
			isa = PBXGroup;
			children = (
				B5B8E09813BF2D2E006C44AB /* StreamingMainViewController.h */,
				B5B8E09913BF2D2E006C44AB /* StreamingMainViewController.m */,
				B57A6A9513C495A4008BB675 /* StreamingLiveViewController.h */,
				B57A6A9613C495A4008BB675 /* StreamingLiveViewController.m */,
				B575638613D081AE0012D1B4 /* StreamingLiveFlipsideViewController.h */,
				B575638713D081AF0012D1B4 /* StreamingLiveFlipsideViewController.m */,
			);
			name = Streaming;
			sourceTree = "<group>";
		};
		B5C3C0C01493A269004BBC15 /* AppStoreSettingsBundle */ = {
			isa = PBXGroup;
			children = (
				B5C3C0C21493A269004BBC15 /* Settings.bundle */,
			);
			path = AppStoreSettingsBundle;
			sourceTree = "<group>";
		};
/* End PBXGroup section */

/* Begin PBXNativeTarget section */
		1D6058900D05DD3D006BFB54 /* snsrlog */ = {
			isa = PBXNativeTarget;
			buildConfigurationList = 1D6058960D05DD3E006BFB54 /* Build configuration list for PBXNativeTarget "snsrlog" */;
			buildPhases = (
				1D60588D0D05DD3D006BFB54 /* Resources */,
				1D60588E0D05DD3D006BFB54 /* Sources */,
				1D60588F0D05DD3D006BFB54 /* Frameworks */,
			);
			buildRules = (
			);
			dependencies = (
			);
			name = snsrlog;
			productName = iPhoneLogger;
			productReference = 1D6058910D05DD3D006BFB54 /* snsrlog.app */;
			productType = "com.apple.product-type.application";
		};
		B52FD0F4149111C800B31EB1 /* AppStore */ = {
			isa = PBXNativeTarget;
			buildConfigurationList = B52FD15A149111C800B31EB1 /* Build configuration list for PBXNativeTarget "AppStore" */;
			buildPhases = (
				B52FD0F5149111C800B31EB1 /* Resources */,
				B52FD12B149111C800B31EB1 /* Sources */,
				B52FD14E149111C800B31EB1 /* Frameworks */,
			);
			buildRules = (
			);
			dependencies = (
			);
			name = AppStore;
			productName = iPhoneLogger;
			productReference = B52FD15D149111C800B31EB1 /* snsrlogAS.app */;
			productType = "com.apple.product-type.application";
		};
/* End PBXNativeTarget section */

/* Begin PBXProject section */
		29B97313FDCFA39411CA2CEA /* Project object */ = {
			isa = PBXProject;
			attributes = {
				LastUpgradeCheck = 0610;
				TargetAttributes = {
					1D6058900D05DD3D006BFB54 = {
						DevelopmentTeam = 89999A5LYT;
					};
				};
			};
			buildConfigurationList = C01FCF4E08A954540054247B /* Build configuration list for PBXProject "snsrlog" */;
			compatibilityVersion = "Xcode 3.2";
			developmentRegion = English;
			hasScannedForEncodings = 1;
			knownRegions = (
				English,
				Japanese,
				French,
				German,
			);
			mainGroup = 29B97314FDCFA39411CA2CEA /* CustomTemplate */;
			projectDirPath = "";
			projectRoot = "";
			targets = (
				1D6058900D05DD3D006BFB54 /* snsrlog */,
				B52FD0F4149111C800B31EB1 /* AppStore */,
			);
		};
/* End PBXProject section */

/* Begin PBXResourcesBuildPhase section */
		1D60588D0D05DD3D006BFB54 /* Resources */ = {
			isa = PBXResourcesBuildPhase;
			buildActionMask = 2147483647;
			files = (
				28AD733F0D9D9553002E5188 /* MainWindow.xib in Resources */,
				B5D6E8DB138BE614002AABC6 /* RecordingViewController.xib in Resources */,
				B5B5F5BC13938CCE0053FD23 /* LockScreenViewController.xib in Resources */,
				B5CDCFD413AA47FE00B0FE35 /* Settings.bundle in Resources */,
				B5B45DB813BA078B0062CE4C /* RecordingsFileViewController.xib in Resources */,
				B5B8E09C13BF2D2E006C44AB /* StreamingMainViewController.xib in Resources */,
				B5B3846315AEFF79004D8DC6 /* AddLabelPopupViewController.xib in Resources */,
				B56C3F0615B0267D00E7EB3F /* SoundLevel_0.png in Resources */,
				B56C3F0815B0267D00E7EB3F /* SoundLevel_1.png in Resources */,
				B56C3F0A15B0267D00E7EB3F /* SoundLevel_2.png in Resources */,
				B56C3F0C15B0267D00E7EB3F /* SoundLevel_3.png in Resources */,
				B5B6DF0C1A18C1FC004EE220 /* Default-568h@2x.png in Resources */,
				B56C3F0E15B0267D00E7EB3F /* SoundLevel_4.png in Resources */,
				B56C3F1015B0267D00E7EB3F /* SoundLevel_5.png in Resources */,
				B56C3F1215B0267D00E7EB3F /* SoundLevel_6.png in Resources */,
				B56C3F1415B0267D00E7EB3F /* SoundLevel_7.png in Resources */,
				B56C3F1615B0267D00E7EB3F /* SoundLevel_8.png in Resources */,
				B56C3F1815B0267D00E7EB3F /* SoundLevel_9.png in Resources */,
				B56C3F1A15B0267D00E7EB3F /* SoundLevel_10.png in Resources */,
				B56C3F1C15B0267D00E7EB3F /* SoundLevel_11.png in Resources */,
				B56C3F1E15B0267D00E7EB3F /* SoundLevel_12.png in Resources */,
				B56C3F2015B0267D00E7EB3F /* SoundLevel_13.png in Resources */,
				B56C3F2215B0267D00E7EB3F /* SoundLevel_14.png in Resources */,
				B56C3F2415B0267D00E7EB3F /* SoundLevel_15.png in Resources */,
				B56C3F2615B0267D00E7EB3F /* SoundLevel_16.png in Resources */,
				B56C3F2815B0267D00E7EB3F /* SoundLevel_17.png in Resources */,
				B56C3F2A15B0267D00E7EB3F /* SoundLevel_18.png in Resources */,
				B56C3F2C15B0267D00E7EB3F /* SoundLevel_19.png in Resources */,
				B56C3F2E15B0267D00E7EB3F /* SoundLevel_20.png in Resources */,
				B56C3F3715B026AE00E7EB3F /* Default.png in Resources */,
				B56C3F3915B026AE00E7EB3F /* Default@2x.png in Resources */,
				B56C3F3B15B026AE00E7EB3F /* Icon-Small.png in Resources */,
				B56C3F3D15B026AE00E7EB3F /* Icon-Small@2x.png in Resources */,
				B56C3F3F15B026AE00E7EB3F /* Icon.png in Resources */,
				B56C3F4115B026AE00E7EB3F /* Icon@2x.png in Resources */,
				B56C3F4315B026AE00E7EB3F /* iTunesArtwork.png in Resources */,
				B56C3F5715B0270A00E7EB3F /* compassWithoutNeedle.png in Resources */,
				B56C3F5915B0270A00E7EB3F /* key.png in Resources */,
				B56C3F5B15B0270A00E7EB3F /* key@2x.png in Resources */,
				B56C3F5D15B0270A00E7EB3F /* liveViewIcon.png in Resources */,
				B56C3F5F15B0270A00E7EB3F /* liveViewIcon@2x.png in Resources */,
				B56C3F6115B0270A00E7EB3F /* LockClosed.png in Resources */,
				B56C3F6315B0270A00E7EB3F /* LockClosed@2x.png in Resources */,
				B56C3F6515B0270A00E7EB3F /* LockOpen.png in Resources */,
				B56C3F6715B0270A00E7EB3F /* LockOpen@2x.png in Resources */,
				B56C3F6915B0270A00E7EB3F /* microphone.png in Resources */,
				B56C3F6B15B0270A00E7EB3F /* microphone@2x.png in Resources */,
				B56C3F6D15B0270A00E7EB3F /* recordingIcon.png in Resources */,
				B56C3F6F15B0270A00E7EB3F /* recordingIcon@2x.png in Resources */,
				B56C3F7115B0270A00E7EB3F /* satellite.png in Resources */,
				B56C3F7315B0270A00E7EB3F /* satellite@2x.png in Resources */,
				B56C3F7515B0270A00E7EB3F /* streamingIcon.png in Resources */,
				B56C3F7715B0270A00E7EB3F /* streamingIcon@2x.png in Resources */,
				B56C3F7915B0270A00E7EB3F /* wifi.png in Resources */,
			);
			runOnlyForDeploymentPostprocessing = 0;
		};
		B52FD0F5149111C800B31EB1 /* Resources */ = {
			isa = PBXResourcesBuildPhase;
			buildActionMask = 2147483647;
			files = (
				B52FD0F6149111C800B31EB1 /* MainWindow.xib in Resources */,
				B52FD110149111C800B31EB1 /* RecordingViewController.xib in Resources */,
				B52FD114149111C800B31EB1 /* LockScreenViewController.xib in Resources */,
				B52FD11C149111C800B31EB1 /* RecordingsFileViewController.xib in Resources */,
				B52FD11D149111C800B31EB1 /* StreamingMainViewController.xib in Resources */,
				B5C3C0C41493A269004BBC15 /* Settings.bundle in Resources */,
				B5B3846415AEFF79004D8DC6 /* AddLabelPopupViewController.xib in Resources */,
				B56C3F0715B0267D00E7EB3F /* SoundLevel_0.png in Resources */,
				B56C3F0915B0267D00E7EB3F /* SoundLevel_1.png in Resources */,
				B56C3F0B15B0267D00E7EB3F /* SoundLevel_2.png in Resources */,
				B56C3F0D15B0267D00E7EB3F /* SoundLevel_3.png in Resources */,
				B56C3F0F15B0267D00E7EB3F /* SoundLevel_4.png in Resources */,
				B56C3F1115B0267D00E7EB3F /* SoundLevel_5.png in Resources */,
				B56C3F1315B0267D00E7EB3F /* SoundLevel_6.png in Resources */,
				B56C3F1515B0267D00E7EB3F /* SoundLevel_7.png in Resources */,
				B56C3F1715B0267D00E7EB3F /* SoundLevel_8.png in Resources */,
				B56C3F1915B0267D00E7EB3F /* SoundLevel_9.png in Resources */,
				B56C3F1B15B0267D00E7EB3F /* SoundLevel_10.png in Resources */,
				B56C3F1D15B0267D00E7EB3F /* SoundLevel_11.png in Resources */,
				B56C3F1F15B0267D00E7EB3F /* SoundLevel_12.png in Resources */,
				B56C3F2115B0267D00E7EB3F /* SoundLevel_13.png in Resources */,
				B56C3F2315B0267D00E7EB3F /* SoundLevel_14.png in Resources */,
				B56C3F2515B0267D00E7EB3F /* SoundLevel_15.png in Resources */,
				B56C3F2715B0267D00E7EB3F /* SoundLevel_16.png in Resources */,
				B56C3F2915B0267D00E7EB3F /* SoundLevel_17.png in Resources */,
				B56C3F2B15B0267D00E7EB3F /* SoundLevel_18.png in Resources */,
				B56C3F2D15B0267D00E7EB3F /* SoundLevel_19.png in Resources */,
				B56C3F2F15B0267D00E7EB3F /* SoundLevel_20.png in Resources */,
				B56C3F3815B026AE00E7EB3F /* Default.png in Resources */,
				B56C3F3A15B026AE00E7EB3F /* Default@2x.png in Resources */,
				B56C3F3C15B026AE00E7EB3F /* Icon-Small.png in Resources */,
				B56C3F3E15B026AE00E7EB3F /* Icon-Small@2x.png in Resources */,
				B56C3F4015B026AE00E7EB3F /* Icon.png in Resources */,
				B56C3F4215B026AE00E7EB3F /* Icon@2x.png in Resources */,
				B56C3F4415B026AE00E7EB3F /* iTunesArtwork.png in Resources */,
				B56C3F5815B0270A00E7EB3F /* compassWithoutNeedle.png in Resources */,
				B56C3F5A15B0270A00E7EB3F /* key.png in Resources */,
				B56C3F5C15B0270A00E7EB3F /* key@2x.png in Resources */,
				B56C3F5E15B0270A00E7EB3F /* liveViewIcon.png in Resources */,
				B56C3F6015B0270A00E7EB3F /* liveViewIcon@2x.png in Resources */,
				B56C3F6215B0270A00E7EB3F /* LockClosed.png in Resources */,
				B56C3F6415B0270A00E7EB3F /* LockClosed@2x.png in Resources */,
				B56C3F6615B0270A00E7EB3F /* LockOpen.png in Resources */,
				B56C3F6815B0270A00E7EB3F /* LockOpen@2x.png in Resources */,
				B56C3F6A15B0270A00E7EB3F /* microphone.png in Resources */,
				B56C3F6C15B0270A00E7EB3F /* microphone@2x.png in Resources */,
				B56C3F6E15B0270A00E7EB3F /* recordingIcon.png in Resources */,
				B56C3F7015B0270A00E7EB3F /* recordingIcon@2x.png in Resources */,
				B56C3F7215B0270A00E7EB3F /* satellite.png in Resources */,
				B56C3F7415B0270A00E7EB3F /* satellite@2x.png in Resources */,
				B56C3F7615B0270A00E7EB3F /* streamingIcon.png in Resources */,
				B56C3F7815B0270A00E7EB3F /* streamingIcon@2x.png in Resources */,
				B56C3F7A15B0270A00E7EB3F /* wifi.png in Resources */,
			);
			runOnlyForDeploymentPostprocessing = 0;
		};
/* End PBXResourcesBuildPhase section */

/* Begin PBXSourcesBuildPhase section */
		1D60588E0D05DD3D006BFB54 /* Sources */ = {
			isa = PBXSourcesBuildPhase;
			buildActionMask = 2147483647;
			files = (
				1D60589B0D05DD56006BFB54 /* main.m in Sources */,
				1D3623260D0F684500981E51 /* snsrlogAppDelegate.m in Sources */,
				B50248BD1323D321000EE4B8 /* ConsoleLogger.m in Sources */,
				B50248C61323E310000EE4B8 /* AbstractSensor.m in Sources */,
				B5B82C4C132508B5005D432D /* Accelerometer.m in Sources */,
				B5D1712F1329044500A8EF72 /* Preferences.m in Sources */,
				B5E62B3D132A4FD300AA6020 /* Gyroscope.m in Sources */,
				B5CB7D7F132E6055005BFDC3 /* FileWriter.m in Sources */,
				B5CB7D82132FB987005BFDC3 /* Labels.m in Sources */,
				B5E3890E133263D000F33643 /* CompassAndGPS.m in Sources */,
				B50CF6F01338D8FF003F6725 /* WiFiScanner.m in Sources */,
				B5EE528F1351A0F700EB6809 /* AudioInput.m in Sources */,
				B54E8ADD1365B28D0010467E /* PacketEncoderDecoder.m in Sources */,
				B54E8ADE1365B28D0010467E /* StreamingClient.m in Sources */,
				B54E8ADF1365B28D0010467E /* StreamingServer.m in Sources */,
				B56133F4137C2AE300E40DE6 /* LiveViewController.m in Sources */,
				B5699504138115C5001A5544 /* LiveView.m in Sources */,
				B569950F138118E2001A5544 /* CompassView.m in Sources */,
				B51ED857138156F800BB0684 /* GPSView.m in Sources */,
				B555533F138165FA00BAAC0A /* AudioLevelMeter.m in Sources */,
				B5525D141386B78B00EB93DB /* WiFiView.m in Sources */,
				B5D6E8DA138BE614002AABC6 /* RecordingViewController.m in Sources */,
				B5B5F5BB13938CCE0053FD23 /* LockScreenViewController.m in Sources */,
				B542DC5E13B3728B0057FF5E /* ArchiveViewController.m in Sources */,
				B5B45DB313B8CF400062CE4C /* RecordingsDetailViewController.m in Sources */,
				B5B45DB713BA078B0062CE4C /* RecordingsFileViewController.m in Sources */,
				B5B8E09B13BF2D2E006C44AB /* StreamingMainViewController.m in Sources */,
				B57A6A9713C495A4008BB675 /* StreamingLiveViewController.m in Sources */,
				B575638813D081AF0012D1B4 /* StreamingLiveFlipsideViewController.m in Sources */,
				B554581113DF4A2500EE8C7E /* AccelerometerAndGyroscopeView.m in Sources */,
				B5D63689147FC8460009FF3D /* MBProgressHUD.m in Sources */,
				B5792BEC148E93D7008FC8F1 /* BTFancyButton.m in Sources */,
				B5F180B714CEFDE9006BD93D /* GraphView.m in Sources */,
				B5B3846115AEFF79004D8DC6 /* AddLabelPopupViewController.m in Sources */,
			);
			runOnlyForDeploymentPostprocessing = 0;
		};
		B52FD12B149111C800B31EB1 /* Sources */ = {
			isa = PBXSourcesBuildPhase;
			buildActionMask = 2147483647;
			files = (
				B52FD12C149111C800B31EB1 /* main.m in Sources */,
				B52FD12D149111C800B31EB1 /* snsrlogAppDelegate.m in Sources */,
				B52FD12E149111C800B31EB1 /* ConsoleLogger.m in Sources */,
				B52FD12F149111C800B31EB1 /* AbstractSensor.m in Sources */,
				B52FD130149111C800B31EB1 /* Accelerometer.m in Sources */,
				B52FD131149111C800B31EB1 /* Preferences.m in Sources */,
				B52FD132149111C800B31EB1 /* Gyroscope.m in Sources */,
				B52FD133149111C800B31EB1 /* FileWriter.m in Sources */,
				B52FD134149111C800B31EB1 /* Labels.m in Sources */,
				B52FD135149111C800B31EB1 /* CompassAndGPS.m in Sources */,
				B52FD137149111C800B31EB1 /* AudioInput.m in Sources */,
				B52FD138149111C800B31EB1 /* PacketEncoderDecoder.m in Sources */,
				B52FD139149111C800B31EB1 /* StreamingClient.m in Sources */,
				B52FD13A149111C800B31EB1 /* StreamingServer.m in Sources */,
				B52FD13B149111C800B31EB1 /* LiveViewController.m in Sources */,
				B52FD13D149111C800B31EB1 /* LiveView.m in Sources */,
				B52FD13E149111C800B31EB1 /* CompassView.m in Sources */,
				B52FD13F149111C800B31EB1 /* GPSView.m in Sources */,
				B52FD140149111C800B31EB1 /* AudioLevelMeter.m in Sources */,
				B52FD141149111C800B31EB1 /* WiFiView.m in Sources */,
				B52FD142149111C800B31EB1 /* RecordingViewController.m in Sources */,
				B52FD144149111C800B31EB1 /* LockScreenViewController.m in Sources */,
				B52FD145149111C800B31EB1 /* ArchiveViewController.m in Sources */,
				B52FD146149111C800B31EB1 /* RecordingsDetailViewController.m in Sources */,
				B52FD147149111C800B31EB1 /* RecordingsFileViewController.m in Sources */,
				B52FD148149111C800B31EB1 /* StreamingMainViewController.m in Sources */,
				B52FD149149111C800B31EB1 /* StreamingLiveViewController.m in Sources */,
				B52FD14A149111C800B31EB1 /* StreamingLiveFlipsideViewController.m in Sources */,
				B52FD14B149111C800B31EB1 /* AccelerometerAndGyroscopeView.m in Sources */,
				B52FD14C149111C800B31EB1 /* MBProgressHUD.m in Sources */,
				B52FD14D149111C800B31EB1 /* BTFancyButton.m in Sources */,
				B5F180B814CEFDE9006BD93D /* GraphView.m in Sources */,
				B5B3846215AEFF79004D8DC6 /* AddLabelPopupViewController.m in Sources */,
			);
			runOnlyForDeploymentPostprocessing = 0;
		};
/* End PBXSourcesBuildPhase section */

/* Begin XCBuildConfiguration section */
		1D6058940D05DD3E006BFB54 /* Debug */ = {
			isa = XCBuildConfiguration;
			buildSettings = {
				ALWAYS_SEARCH_USER_PATHS = NO;
				CODE_SIGN_IDENTITY = "iPhone Developer";
				"CODE_SIGN_IDENTITY[sdk=iphoneos*]" = "iPhone Developer";
				COPY_PHASE_STRIP = NO;
				GCC_DYNAMIC_NO_PIC = NO;
				GCC_OPTIMIZATION_LEVEL = s;
				GCC_PRECOMPILE_PREFIX_HEADER = YES;
				GCC_PREFIX_HEADER = snsrlog_Prefix.pch;
				GCC_VERSION = "";
				INFOPLIST_FILE = "snsrlog-Info.plist";
				IPHONEOS_DEPLOYMENT_TARGET = 4.3;
				PRODUCT_NAME = snsrlog;
				PROVISIONING_PROFILE = "";
				"PROVISIONING_PROFILE[sdk=iphoneos*]" = "";
			};
			name = Debug;
		};
		1D6058950D05DD3E006BFB54 /* Release */ = {
			isa = XCBuildConfiguration;
			buildSettings = {
				ALWAYS_SEARCH_USER_PATHS = NO;
				CODE_SIGN_IDENTITY = "iPhone Developer";
				"CODE_SIGN_IDENTITY[sdk=iphoneos*]" = "iPhone Developer";
				COPY_PHASE_STRIP = YES;
				GCC_OPTIMIZATION_LEVEL = s;
				GCC_PRECOMPILE_PREFIX_HEADER = YES;
				GCC_PREFIX_HEADER = snsrlog_Prefix.pch;
				GCC_VERSION = "";
				INFOPLIST_FILE = "snsrlog-Info.plist";
				IPHONEOS_DEPLOYMENT_TARGET = 4.3;
				PRODUCT_NAME = snsrlog;
				PROVISIONING_PROFILE = "";
				VALIDATE_PRODUCT = YES;
			};
			name = Release;
		};
		B52FD15B149111C800B31EB1 /* Debug */ = {
			isa = XCBuildConfiguration;
			buildSettings = {
				ALWAYS_SEARCH_USER_PATHS = NO;
				CODE_SIGN_IDENTITY = "iPhone Developer";
				"CODE_SIGN_IDENTITY[sdk=iphoneos*]" = "iPhone Developer";
				COPY_PHASE_STRIP = NO;
				GCC_DYNAMIC_NO_PIC = NO;
				GCC_OPTIMIZATION_LEVEL = s;
				GCC_PRECOMPILE_PREFIX_HEADER = YES;
				GCC_PREFIX_HEADER = snsrlog_Prefix.pch;
				GCC_PREPROCESSOR_DEFINITIONS = APP_STORE;
				GCC_PREPROCESSOR_DEFINITIONS_NOT_USED_IN_PRECOMPS = "";
				GCC_VERSION = "";
				INFOPLIST_FILE = "snsrlogAppStore-Info.plist";
				IPHONEOS_DEPLOYMENT_TARGET = 4.3;
				PRODUCT_NAME = snsrlogAS;
				PROVISIONING_PROFILE = "";
				"PROVISIONING_PROFILE[sdk=iphoneos*]" = "";
			};
			name = Debug;
		};
		B52FD15C149111C800B31EB1 /* Release */ = {
			isa = XCBuildConfiguration;
			buildSettings = {
				ALWAYS_SEARCH_USER_PATHS = NO;
				CODE_SIGN_IDENTITY = "iPhone Developer";
				COPY_PHASE_STRIP = YES;
				GCC_PRECOMPILE_PREFIX_HEADER = YES;
				GCC_PREFIX_HEADER = snsrlog_Prefix.pch;
				GCC_PREPROCESSOR_DEFINITIONS = APP_STORE;
				GCC_PREPROCESSOR_DEFINITIONS_NOT_USED_IN_PRECOMPS = "";
				GCC_VERSION = "";
				INFOPLIST_FILE = "snsrlogAppStore-Info.plist";
				IPHONEOS_DEPLOYMENT_TARGET = 4.3;
				PRODUCT_NAME = snsrlogAS;
				PROVISIONING_PROFILE = "";
				VALIDATE_PRODUCT = YES;
			};
			name = Release;
		};
		C01FCF4F08A954540054247B /* Debug */ = {
			isa = XCBuildConfiguration;
			buildSettings = {
				CODE_SIGN_IDENTITY = "iPhone Developer: Benjamin Thiel (MMUJ46S98A)";
				"CODE_SIGN_IDENTITY[sdk=iphoneos*]" = "iPhone Developer: Benjamin Thiel (MMUJ46S98A)";
				GCC_C_LANGUAGE_STANDARD = c99;
				GCC_OPTIMIZATION_LEVEL = s;
				GCC_VERSION = "";
				GCC_WARN_ABOUT_RETURN_TYPE = YES;
				GCC_WARN_UNUSED_VARIABLE = YES;
				ONLY_ACTIVE_ARCH = YES;
				PROVISIONING_PROFILE = "DF3B2D98-7880-4EF9-A981-E24C1005AF86";
				"PROVISIONING_PROFILE[sdk=iphoneos*]" = "DF3B2D98-7880-4EF9-A981-E24C1005AF86";
				SDKROOT = iphoneos;
			};
			name = Debug;
		};
		C01FCF5008A954540054247B /* Release */ = {
			isa = XCBuildConfiguration;
			buildSettings = {
				CODE_SIGN_IDENTITY = "iPhone Developer: Benjamin Thiel (MMUJ46S98A)";
				"CODE_SIGN_IDENTITY[sdk=iphoneos*]" = "iPhone Developer";
				GCC_C_LANGUAGE_STANDARD = c99;
				GCC_OPTIMIZATION_LEVEL = s;
				GCC_VERSION = "";
				GCC_WARN_ABOUT_RETURN_TYPE = YES;
				GCC_WARN_UNUSED_VARIABLE = YES;
				OTHER_CFLAGS = "-DNS_BLOCK_ASSERTIONS=1";
				PROVISIONING_PROFILE = "DF3B2D98-7880-4EF9-A981-E24C1005AF86";
				SDKROOT = iphoneos;
			};
			name = Release;
		};
/* End XCBuildConfiguration section */

/* Begin XCConfigurationList section */
		1D6058960D05DD3E006BFB54 /* Build configuration list for PBXNativeTarget "snsrlog" */ = {
			isa = XCConfigurationList;
			buildConfigurations = (
				1D6058940D05DD3E006BFB54 /* Debug */,
				1D6058950D05DD3E006BFB54 /* Release */,
			);
			defaultConfigurationIsVisible = 0;
			defaultConfigurationName = Release;
		};
		B52FD15A149111C800B31EB1 /* Build configuration list for PBXNativeTarget "AppStore" */ = {
			isa = XCConfigurationList;
			buildConfigurations = (
				B52FD15B149111C800B31EB1 /* Debug */,
				B52FD15C149111C800B31EB1 /* Release */,
			);
			defaultConfigurationIsVisible = 0;
			defaultConfigurationName = Release;
		};
		C01FCF4E08A954540054247B /* Build configuration list for PBXProject "snsrlog" */ = {
			isa = XCConfigurationList;
			buildConfigurations = (
				C01FCF4F08A954540054247B /* Debug */,
				C01FCF5008A954540054247B /* Release */,
			);
			defaultConfigurationIsVisible = 0;
			defaultConfigurationName = Release;
		};
/* End XCConfigurationList section */
	};
	rootObject = 29B97313FDCFA39411CA2CEA /* Project object */;
}
